// !$*UTF8*$!
{
	archiveVersion = 1;
	classes = {
	};
	objectVersion = 52;
	objects = {

/* Begin PBXBuildFile section */
		4B2C746524FA05310052F356 /* DownLoader.swift in Sources */ = {isa = PBXBuildFile; fileRef = 4B2C746424FA05310052F356 /* DownLoader.swift */; };
		4B3AD79F253965DB00194B2C /* UserMarkManageView.swift in Sources */ = {isa = PBXBuildFile; fileRef = 4B3AD79E253965DB00194B2C /* UserMarkManageView.swift */; };
		4B5E607625353A7200E7A5F1 /* AvatarImageView.swift in Sources */ = {isa = PBXBuildFile; fileRef = 4B5E607525353A7200E7A5F1 /* AvatarImageView.swift */; };
		4B68D5A62539131800A17AED /* LogMessageView.swift in Sources */ = {isa = PBXBuildFile; fileRef = 4B68D5A52539131800A17AED /* LogMessageView.swift */; };
		4B68D5A8253940FC00A17AED /* BackOfToolsToolBar.swift in Sources */ = {isa = PBXBuildFile; fileRef = 4B68D5A7253940FC00A17AED /* BackOfToolsToolBar.swift */; };
		4B6FE755253EE99500750AD6 /* RateLimit.txt in Resources */ = {isa = PBXBuildFile; fileRef = 4B6FE754253EE99500750AD6 /* RateLimit.txt */; };
		4BA0161E253AEACB003D1475 /* CountView.swift in Sources */ = {isa = PBXBuildFile; fileRef = 4BA0161D253AEACB003D1475 /* CountView.swift */; };
		4BA662742535923300DE8697 /* ToolBarsView.swift in Sources */ = {isa = PBXBuildFile; fileRef = 4BA662732535923300DE8697 /* ToolBarsView.swift */; };
		4BDB05D72531613B00CF71A1 /* HubView.swift in Sources */ = {isa = PBXBuildFile; fileRef = 4BDB05D62531613B00CF71A1 /* HubView.swift */; };
		4BDB05D925316D5C00CF71A1 /* ComposerOfHubView.swift in Sources */ = {isa = PBXBuildFile; fileRef = 4BDB05D825316D5C00CF71A1 /* ComposerOfHubView.swift */; };
		D20086F02580DE6400A9D8C3 /* DetailInfoView.swift in Sources */ = {isa = PBXBuildFile; fileRef = D20086EF2580DE6400A9D8C3 /* DetailInfoView.swift */; };
		D205246C24C18AC30046F1AB /* AlertView.swift in Sources */ = {isa = PBXBuildFile; fileRef = D205246B24C18AC30046F1AB /* AlertView.swift */; };
		D205247624C290F10046F1AB /* PullRefresh.swift in Sources */ = {isa = PBXBuildFile; fileRef = D205247524C290F10046F1AB /* PullRefresh.swift */; };
		D20A35CC25E53C4E0012CD82 /* FileHelper.swift in Sources */ = {isa = PBXBuildFile; fileRef = D20A35CB25E53C4E0012CD82 /* FileHelper.swift */; };
		D20A35D125E5418E0012CD82 /* Helpers.swift in Sources */ = {isa = PBXBuildFile; fileRef = D20A35D025E5418E0012CD82 /* Helpers.swift */; };
		D20A35D325E68F870012CD82 /* FileStorage.swift in Sources */ = {isa = PBXBuildFile; fileRef = D20A35D225E68F870012CD82 /* FileStorage.swift */; };
		D20A35D525E68FFB0012CD82 /* AppCommand_Timeline.swift in Sources */ = {isa = PBXBuildFile; fileRef = D20A35D425E68FFB0012CD82 /* AppCommand_Timeline.swift */; };
		D20A35D725EA2A100012CD82 /* UserView.swift in Sources */ = {isa = PBXBuildFile; fileRef = D20A35D625EA2A100012CD82 /* UserView.swift */; };
		D20A35D925EA6BC00012CD82 /* TimelinesView.swift in Sources */ = {isa = PBXBuildFile; fileRef = D20A35D825EA6BC00012CD82 /* TimelinesView.swift */; };
		D21C3304255A827C001CBBCD /* Counter+Calculate.swift in Sources */ = {isa = PBXBuildFile; fileRef = D21C3303255A827C001CBBCD /* Counter+Calculate.swift */; };
		D21C3306255A8356001CBBCD /* FoundationExtensions.swift in Sources */ = {isa = PBXBuildFile; fileRef = D21C3305255A8356001CBBCD /* FoundationExtensions.swift */; };
		D21F4C4F24DE73C6004B2C20 /* SettingView.swift in Sources */ = {isa = PBXBuildFile; fileRef = D21F4C4E24DE73C6004B2C20 /* SettingView.swift */; };
		D2224F9124BE7FE400AE2110 /* Swifter+DeleteTweets.swift in Sources */ = {isa = PBXBuildFile; fileRef = D2224F9024BE7FE400AE2110 /* Swifter+DeleteTweets.swift */; };
		D228E06125FCF5A10063E0EB /* BookmarkedStatusView.swift in Sources */ = {isa = PBXBuildFile; fileRef = D228E06025FCF5A10063E0EB /* BookmarkedStatusView.swift */; };
		D228E06325FD9A900063E0EB /* Status_CDRow.swift in Sources */ = {isa = PBXBuildFile; fileRef = D228E06225FD9A900063E0EB /* Status_CDRow.swift */; };
		D2291B5225C7835100EDB259 /* BlurView.swift in Sources */ = {isa = PBXBuildFile; fileRef = D2291B5125C7835100EDB259 /* BlurView.swift */; };
		D22B83662619C93D00B6A748 /* UserInfo.swift in Sources */ = {isa = PBXBuildFile; fileRef = D22B83652619C93D00B6A748 /* UserInfo.swift */; };
		D22EF6172614738800ABC8DF /* RemoteImage.swift in Sources */ = {isa = PBXBuildFile; fileRef = D22EF6162614738800ABC8DF /* RemoteImage.swift */; };
		D22F0D432615CFFA007F931E /* StatusView.swift in Sources */ = {isa = PBXBuildFile; fileRef = D22F0D422615CFFA007F931E /* StatusView.swift */; };
		D22F0D452615EDA5007F931E /* AppCommand_HubStatusRequest.swift in Sources */ = {isa = PBXBuildFile; fileRef = D22F0D442615EDA5007F931E /* AppCommand_HubStatusRequest.swift */; };
		D22F0D5F26198FC0007F931E /* Kingfisher in Frameworks */ = {isa = PBXBuildFile; productRef = D22F0D5E26198FC0007F931E /* Kingfisher */; };
		D22F0D612619A10F007F931E /* UserTimeline.swift in Sources */ = {isa = PBXBuildFile; fileRef = D22F0D602619A10F007F931E /* UserTimeline.swift */; };
		D2309F222547E09A00549E27 /* CustomTextEditor.swift in Sources */ = {isa = PBXBuildFile; fileRef = D2309F212547E09A00549E27 /* CustomTextEditor.swift */; };
		D2309F29254922B000549E27 /* Toast.swift in Sources */ = {isa = PBXBuildFile; fileRef = D2309F28254922B000549E27 /* Toast.swift */; };
		D2318AA92571E40900F55BDF /* FavoriteStarMarkView.swift in Sources */ = {isa = PBXBuildFile; fileRef = D2318AA82571E40900F55BDF /* FavoriteStarMarkView.swift */; };
		D2318AB7257228CC00F55BDF /* TweetRowViewModel.swift in Sources */ = {isa = PBXBuildFile; fileRef = D2318AB6257228CC00F55BDF /* TweetRowViewModel.swift */; };
		D23F7DF525EF254200B5E5B0 /* RetweetAndFavorite in Resources */ = {isa = PBXBuildFile; fileRef = D23F7DF425EF254200B5E5B0 /* RetweetAndFavorite */; };
		D2419C152577603C00A9CF98 /* list.txt in Resources */ = {isa = PBXBuildFile; fileRef = D2419C0C2577603C00A9CF98 /* list.txt */; };
		D2419C162577603C00A9CF98 /* MediaID.txt in Resources */ = {isa = PBXBuildFile; fileRef = D2419C0D2577603C00A9CF98 /* MediaID.txt */; };
		D2419C172577603C00A9CF98 /* BugWor.txt in Resources */ = {isa = PBXBuildFile; fileRef = D2419C0E2577603C00A9CF98 /* BugWor.txt */; };
		D2419C182577603C00A9CF98 /* user.txt in Resources */ = {isa = PBXBuildFile; fileRef = D2419C0F2577603C00A9CF98 /* user.txt */; };
		D2419C192577603C00A9CF98 /* SimpleTweet.txt in Resources */ = {isa = PBXBuildFile; fileRef = D2419C102577603C00A9CF98 /* SimpleTweet.txt */; };
		D2419C1A2577603C00A9CF98 /* HashtagTweet.txt in Resources */ = {isa = PBXBuildFile; fileRef = D2419C112577603C00A9CF98 /* HashtagTweet.txt */; };
		D2419C1B2577603C00A9CF98 /* ReplyTweet.txt in Resources */ = {isa = PBXBuildFile; fileRef = D2419C122577603C00A9CF98 /* ReplyTweet.txt */; };
		D2419C1C2577603C00A9CF98 /* Retweet.txt in Resources */ = {isa = PBXBuildFile; fileRef = D2419C132577603C00A9CF98 /* Retweet.txt */; };
		D2419C1D2577603C00A9CF98 /* followers in Resources */ = {isa = PBXBuildFile; fileRef = D2419C142577603C00A9CF98 /* followers */; };
		D2419C242577746700A9CF98 /* TimelineType.swift in Sources */ = {isa = PBXBuildFile; fileRef = D2419C232577746700A9CF98 /* TimelineType.swift */; };
		D2419C712579E43900A9CF98 /* NSAttributedStringView.swift in Sources */ = {isa = PBXBuildFile; fileRef = D2419C702579E43900A9CF98 /* NSAttributedStringView.swift */; };
		D2419C732579F39700A9CF98 /* JSON+getAttributedText.swift in Sources */ = {isa = PBXBuildFile; fileRef = D2419C722579F39700A9CF98 /* JSON+getAttributedText.swift */; };
		D252547E24D8003B00D8B508 /* RetweetJson.txt in Resources */ = {isa = PBXBuildFile; fileRef = D252547D24D8003B00D8B508 /* RetweetJson.txt */; };
		D252548024D804AB00D8B508 /* WebLinkAndImageJson.txt in Resources */ = {isa = PBXBuildFile; fileRef = D252547F24D804AB00D8B508 /* WebLinkAndImageJson.txt */; };
		D252548224D807F500D8B508 /* QuoteTweetJson.txt in Resources */ = {isa = PBXBuildFile; fileRef = D252548124D807F500D8B508 /* QuoteTweetJson.txt */; };
		D255E24025EE1F440053CDE4 /* AppCommand_Tweet.swift in Sources */ = {isa = PBXBuildFile; fileRef = D255E23F25EE1F440053CDE4 /* AppCommand_Tweet.swift */; };
		D257D7E9258B30E700DB7F05 /* UIImage+changeColor.swift in Sources */ = {isa = PBXBuildFile; fileRef = D257D7E8258B30E700DB7F05 /* UIImage+changeColor.swift */; };
		D25D9AE425FF0EEE0038A6B1 /* StatusRow.swift in Sources */ = {isa = PBXBuildFile; fileRef = D25D9AE325FF0EEE0038A6B1 /* StatusRow.swift */; };
		D262FDDA24D2CEED00682B99 /* SafariView.swift in Sources */ = {isa = PBXBuildFile; fileRef = D262FDD924D2CEED00682B99 /* SafariView.swift */; };
		D262FDDC24D3C5D900682B99 /* MentionUserSortedView.swift in Sources */ = {isa = PBXBuildFile; fileRef = D262FDDB24D3C5D900682B99 /* MentionUserSortedView.swift */; };
		D2632D65251EEFF50023C417 /* FaceDetect.swift in Sources */ = {isa = PBXBuildFile; fileRef = D2632D64251EEFF50023C417 /* FaceDetect.swift */; };
		D266729125F9ACCC0044DBBA /* Fetcher.swift in Sources */ = {isa = PBXBuildFile; fileRef = D266729025F9ACCC0044DBBA /* Fetcher.swift */; };
		D26824682601871C004CAB1A /* Repository.swift in Sources */ = {isa = PBXBuildFile; fileRef = D26824672601871C004CAB1A /* Repository.swift */; };
		D26A8B09256284C8003BFEE6 /* CountDiagramView.swift in Sources */ = {isa = PBXBuildFile; fileRef = D26A8B08256284C8003BFEE6 /* CountDiagramView.swift */; };
		D270E87624BFCDBA00BBD3FE /* CreatedTimeView.swift in Sources */ = {isa = PBXBuildFile; fileRef = D270E87524BFCDBA00BBD3FE /* CreatedTimeView.swift */; };
		D270E87D24C01C9100BBD3FE /* ToolsView.swift in Sources */ = {isa = PBXBuildFile; fileRef = D270E87C24C01C9100BBD3FE /* ToolsView.swift */; };
		D27744E3253B149B0062B25C /* BackOfFriendToolBar.swift in Sources */ = {isa = PBXBuildFile; fileRef = D27744E2253B149B0062B25C /* BackOfFriendToolBar.swift */; };
		D27744E5253B14DD0062B25C /* BackOfTweetsToolBar.swift in Sources */ = {isa = PBXBuildFile; fileRef = D27744E4253B14DD0062B25C /* BackOfTweetsToolBar.swift */; };
		D2794F33251F1DE200824E6D /* SaliencyDetection.swift in Sources */ = {isa = PBXBuildFile; fileRef = D2794F32251F1DE200824E6D /* SaliencyDetection.swift */; };
		D27DCEBA24B96D5F00520BE3 /* AppDelegate.swift in Sources */ = {isa = PBXBuildFile; fileRef = D27DCEB924B96D5F00520BE3 /* AppDelegate.swift */; };
		D27DCEBC24B96D5F00520BE3 /* SceneDelegate.swift in Sources */ = {isa = PBXBuildFile; fileRef = D27DCEBB24B96D5F00520BE3 /* SceneDelegate.swift */; };
		D27DCEC024B96D6100520BE3 /* Assets.xcassets in Resources */ = {isa = PBXBuildFile; fileRef = D27DCEBF24B96D6100520BE3 /* Assets.xcassets */; };
		D27DCEC324B96D6100520BE3 /* Preview Assets.xcassets in Resources */ = {isa = PBXBuildFile; fileRef = D27DCEC224B96D6100520BE3 /* Preview Assets.xcassets */; };
		D27DCEC624B96D6100520BE3 /* LaunchScreen.storyboard in Resources */ = {isa = PBXBuildFile; fileRef = D27DCEC424B96D6100520BE3 /* LaunchScreen.storyboard */; };
		D27DCF3B24B98F9900520BE3 /* Status.swift in Sources */ = {isa = PBXBuildFile; fileRef = D27DCF3A24B98F9900520BE3 /* Status.swift */; };
		D27DCF8C24B9A56100520BE3 /* TweetRow.swift in Sources */ = {isa = PBXBuildFile; fileRef = D27DCF8B24B9A56100520BE3 /* TweetRow.swift */; };
		D27FBA42260F5EC100F7067B /* Adapter.swift in Sources */ = {isa = PBXBuildFile; fileRef = D27FBA41260F5EC100F7067B /* Adapter.swift */; };
		D27FBA4426101D7D00F7067B /* AuthViewFromVC.swift in Sources */ = {isa = PBXBuildFile; fileRef = D27FBA4326101D7D00F7067B /* AuthViewFromVC.swift */; };
		D27FBA4726105BB700F7067B /* Status_Draft.swift in Sources */ = {isa = PBXBuildFile; fileRef = D27FBA4626105BB700F7067B /* Status_Draft.swift */; };
		D282BCA52589902400877B26 /* ComposerButtonView.swift in Sources */ = {isa = PBXBuildFile; fileRef = D282BCA42589902400877B26 /* ComposerButtonView.swift */; };
		D286BE4A2566460600DCEA1E /* AuthViewController.swift in Sources */ = {isa = PBXBuildFile; fileRef = D286BE492566460600DCEA1E /* AuthViewController.swift */; };
		D286BE782566610C00DCEA1E /* AuthViewController.xib in Resources */ = {isa = PBXBuildFile; fileRef = D286BE772566610C00DCEA1E /* AuthViewController.xib */; };
		D286EC32255A2BD600C98195 /* UserCD+UpdateAndSave.swift in Sources */ = {isa = PBXBuildFile; fileRef = D286EC31255A2BD500C98195 /* UserCD+UpdateAndSave.swift */; };
		D286FFD024BC29BF005DBC39 /* Composer.swift in Sources */ = {isa = PBXBuildFile; fileRef = D286FFCF24BC29BF005DBC39 /* Composer.swift */; };
		D28F9E9525E4E0DB00B8EF40 /* Store.swift in Sources */ = {isa = PBXBuildFile; fileRef = D28F9E9425E4E0DB00B8EF40 /* Store.swift */; };
		D28F9E9725E4E0FD00B8EF40 /* AppState.swift in Sources */ = {isa = PBXBuildFile; fileRef = D28F9E9625E4E0FD00B8EF40 /* AppState.swift */; };
		D28F9E9925E4E37600B8EF40 /* AppAction.swift in Sources */ = {isa = PBXBuildFile; fileRef = D28F9E9825E4E37600B8EF40 /* AppAction.swift */; };
		D28F9E9B25E4E39200B8EF40 /* AppCommand.swift in Sources */ = {isa = PBXBuildFile; fileRef = D28F9E9A25E4E39200B8EF40 /* AppCommand.swift */; };
		D28F9E9D25E4E39F00B8EF40 /* AppError.swift in Sources */ = {isa = PBXBuildFile; fileRef = D28F9E9C25E4E39F00B8EF40 /* AppError.swift */; };
		D28F9EA425E86F2600B8EF40 /* TimelineIcon.swift in Sources */ = {isa = PBXBuildFile; fileRef = D28F9EA325E86F2600B8EF40 /* TimelineIcon.swift */; };
		D28F9EA625E8764400B8EF40 /* TimelineView.swift in Sources */ = {isa = PBXBuildFile; fileRef = D28F9EA525E8764400B8EF40 /* TimelineView.swift */; };
		D28F9EA825E9E5D100B8EF40 /* DetailViewRedux.swift in Sources */ = {isa = PBXBuildFile; fileRef = D28F9EA725E9E5D100B8EF40 /* DetailViewRedux.swift */; };
		D2905076252C07360065EA83 /* Persistance.swift in Sources */ = {isa = PBXBuildFile; fileRef = D2905075252C07360065EA83 /* Persistance.swift */; };
		D2905079252C09360065EA83 /* FetchMee.xcdatamodeld in Sources */ = {isa = PBXBuildFile; fileRef = D2905077252C09360065EA83 /* FetchMee.xcdatamodeld */; };
		D290507C252C0C170065EA83 /* CloudKit.framework in Frameworks */ = {isa = PBXBuildFile; fileRef = D290507B252C0C170065EA83 /* CloudKit.framework */; };
		D290E6E624CD1ED100662FAF /* KeyBoard Notification.swift in Sources */ = {isa = PBXBuildFile; fileRef = D290E6E524CD1ED100662FAF /* KeyBoard Notification.swift */; };
		D297390024D1182600917A97 /* PhotoPickerView.swift in Sources */ = {isa = PBXBuildFile; fileRef = D29738FF24D1182600917A97 /* PhotoPickerView.swift */; };
		D2A4D27F2552902F00668650 /* UIImage+alhpa.swift in Sources */ = {isa = PBXBuildFile; fileRef = D2A4D27E2552902F00668650 /* UIImage+alhpa.swift */; };
		D2A972F225FCC97D005F06A5 /* StatusCD+JSON_Save.swift in Sources */ = {isa = PBXBuildFile; fileRef = D2A972F125FCC97D005F06A5 /* StatusCD+JSON_Save.swift */; };
		D2ABAD1B256F9345009FDD94 /* ImageThumbView.swift in Sources */ = {isa = PBXBuildFile; fileRef = D2ABAD1A256F9345009FDD94 /* ImageThumbView.swift */; };
		D2ABAD1D256F938E009FDD94 /* RemoteImageFromUrl.swift in Sources */ = {isa = PBXBuildFile; fileRef = D2ABAD1C256F938E009FDD94 /* RemoteImageFromUrl.swift */; };
		D2AE506725564A2800437337 /* LogMessageSmallView.swift in Sources */ = {isa = PBXBuildFile; fileRef = D2AE506625564A2800437337 /* LogMessageSmallView.swift */; };
		D2B2560E24E38824009F982E /* videoJson.txt in Resources */ = {isa = PBXBuildFile; fileRef = D2B2560D24E38824009F982E /* videoJson.txt */; };
		D2B2561024E39020009F982E /* VideoPlayView.swift in Sources */ = {isa = PBXBuildFile; fileRef = D2B2560F24E39020009F982E /* VideoPlayView.swift */; };
		D2BC206625F26A1E007882CA /* AutoCompleteVIew.swift in Sources */ = {isa = PBXBuildFile; fileRef = D2BC206525F26A1E007882CA /* AutoCompleteVIew.swift */; };
		D2BC206825F4A8F4007882CA /* TweetTagCD+UpdateAndSave.swift in Sources */ = {isa = PBXBuildFile; fileRef = D2BC206725F4A8F4007882CA /* TweetTagCD+UpdateAndSave.swift */; };
		D2BC206B25F4AC6B007882CA /* TweetTagCDManageView.swift in Sources */ = {isa = PBXBuildFile; fileRef = D2BC206A25F4AC6B007882CA /* TweetTagCDManageView.swift */; };
		D2C12CD5254A6A6B00D74778 /* User.swift in Sources */ = {isa = PBXBuildFile; fileRef = D2C12CD4254A6A6B00D74778 /* User.swift */; };
		D2C45BAC24C6D31B007D67B6 /* ContentView.swift in Sources */ = {isa = PBXBuildFile; fileRef = D2C45BAB24C6D31B007D67B6 /* ContentView.swift */; };
		D2C4D40324D3D11100395660 /* AvatarView.swift in Sources */ = {isa = PBXBuildFile; fileRef = D2C4D40224D3D11100395660 /* AvatarView.swift */; };
		D2C7248824E613A500804F18 /* RoundedCorners.swift in Sources */ = {isa = PBXBuildFile; fileRef = D2C7248724E613A400804F18 /* RoundedCorners.swift */; };
		D2C8107925FF9AC9001C6546 /* QuotedStatusJsonRow.swift in Sources */ = {isa = PBXBuildFile; fileRef = D2C8107825FF9AC9001C6546 /* QuotedStatusJsonRow.swift */; };
		D2D4878D257272D6005EE4A7 /* RetweetMarkView.swift in Sources */ = {isa = PBXBuildFile; fileRef = D2D4878C257272D6005EE4A7 /* RetweetMarkView.swift */; };
		D2D4878F25734B0A005EE4A7 /* PlayButtonView.swift in Sources */ = {isa = PBXBuildFile; fileRef = D2D4878E25734B0A005EE4A7 /* PlayButtonView.swift */; };
		D2D4879225734C60005EE4A7 /* PlayButtonViewModel.swift in Sources */ = {isa = PBXBuildFile; fileRef = D2D4879125734C60005EE4A7 /* PlayButtonViewModel.swift */; };
		D2D6744225C5028200348BB7 /* OverlaySheet.swift in Sources */ = {isa = PBXBuildFile; fileRef = D2D6744125C5028200348BB7 /* OverlaySheet.swift */; };
		D2DDFCBF2532D65100AE7E39 /* ToolBarView.swift in Sources */ = {isa = PBXBuildFile; fileRef = D2DDFCBE2532D65100AE7E39 /* ToolBarView.swift */; };
		D2E4D75324D851EA00D68A09 /* QuotedTweetRow.swift in Sources */ = {isa = PBXBuildFile; fileRef = D2E4D75224D851EA00D68A09 /* QuotedTweetRow.swift */; };
		D2EFF67B2573E2A600E016C1 /* UserNameView.swift in Sources */ = {isa = PBXBuildFile; fileRef = D2EFF67A2573E2A600E016C1 /* UserNameView.swift */; };
		D2FE6E15250DE11400314966 /* Swifter in Frameworks */ = {isa = PBXBuildFile; productRef = D2FE6E14250DE11400314966 /* Swifter */; };
		D707B6ED24C4040F0023F243 /* KeyboardHide.swift in Sources */ = {isa = PBXBuildFile; fileRef = D707B6EC24C4040F0023F243 /* KeyboardHide.swift */; };
		D707B6EF24C44CE20023F243 /* DetailIndicator.swift in Sources */ = {isa = PBXBuildFile; fileRef = D707B6EE24C44CE10023F243 /* DetailIndicator.swift */; };
		D730997F24ED6A5F00B57837 /* DraftsView.swift in Sources */ = {isa = PBXBuildFile; fileRef = D730997E24ED6A5F00B57837 /* DraftsView.swift */; };
		D7AC536C24BAD91A00BCD71F /* Images.swift in Sources */ = {isa = PBXBuildFile; fileRef = D7AC536B24BAD91A00BCD71F /* Images.swift */; };
		D7AC537024BB4AB200BCD71F /* ImageViewer.swift in Sources */ = {isa = PBXBuildFile; fileRef = D7AC536F24BB4AB200BCD71F /* ImageViewer.swift */; };
/* End PBXBuildFile section */

/* Begin PBXCopyFilesBuildPhase section */
		D27DCF8824B990FE00520BE3 /* Embed Frameworks */ = {
			isa = PBXCopyFilesBuildPhase;
			buildActionMask = 2147483647;
			dstPath = "";
			dstSubfolderSpec = 10;
			files = (
			);
			name = "Embed Frameworks";
			runOnlyForDeploymentPostprocessing = 0;
		};
/* End PBXCopyFilesBuildPhase section */

/* Begin PBXFileReference section */
		4B2C746424FA05310052F356 /* DownLoader.swift */ = {isa = PBXFileReference; lastKnownFileType = sourcecode.swift; path = DownLoader.swift; sourceTree = "<group>"; };
		4B3AD79E253965DB00194B2C /* UserMarkManageView.swift */ = {isa = PBXFileReference; lastKnownFileType = sourcecode.swift; path = UserMarkManageView.swift; sourceTree = "<group>"; };
		4B5E607525353A7200E7A5F1 /* AvatarImageView.swift */ = {isa = PBXFileReference; lastKnownFileType = sourcecode.swift; path = AvatarImageView.swift; sourceTree = "<group>"; };
		4B68D5A52539131800A17AED /* LogMessageView.swift */ = {isa = PBXFileReference; lastKnownFileType = sourcecode.swift; path = LogMessageView.swift; sourceTree = "<group>"; };
		4B68D5A7253940FC00A17AED /* BackOfToolsToolBar.swift */ = {isa = PBXFileReference; lastKnownFileType = sourcecode.swift; path = BackOfToolsToolBar.swift; sourceTree = "<group>"; };
		4B6FE754253EE99500750AD6 /* RateLimit.txt */ = {isa = PBXFileReference; lastKnownFileType = text; path = RateLimit.txt; sourceTree = "<group>"; };
		4BA0161D253AEACB003D1475 /* CountView.swift */ = {isa = PBXFileReference; lastKnownFileType = sourcecode.swift; path = CountView.swift; sourceTree = "<group>"; };
		4BA662732535923300DE8697 /* ToolBarsView.swift */ = {isa = PBXFileReference; lastKnownFileType = sourcecode.swift; path = ToolBarsView.swift; sourceTree = "<group>"; };
		4BDB05D62531613B00CF71A1 /* HubView.swift */ = {isa = PBXFileReference; lastKnownFileType = sourcecode.swift; path = HubView.swift; sourceTree = "<group>"; };
		4BDB05D825316D5C00CF71A1 /* ComposerOfHubView.swift */ = {isa = PBXFileReference; lastKnownFileType = sourcecode.swift; path = ComposerOfHubView.swift; sourceTree = "<group>"; };
		D20086EF2580DE6400A9D8C3 /* DetailInfoView.swift */ = {isa = PBXFileReference; fileEncoding = 4; lastKnownFileType = sourcecode.swift; path = DetailInfoView.swift; sourceTree = "<group>"; };
		D205246B24C18AC30046F1AB /* AlertView.swift */ = {isa = PBXFileReference; lastKnownFileType = sourcecode.swift; path = AlertView.swift; sourceTree = "<group>"; };
		D205247524C290F10046F1AB /* PullRefresh.swift */ = {isa = PBXFileReference; lastKnownFileType = sourcecode.swift; path = PullRefresh.swift; sourceTree = "<group>"; };
		D20A35CB25E53C4E0012CD82 /* FileHelper.swift */ = {isa = PBXFileReference; fileEncoding = 4; lastKnownFileType = sourcecode.swift; path = FileHelper.swift; sourceTree = "<group>"; };
		D20A35D025E5418E0012CD82 /* Helpers.swift */ = {isa = PBXFileReference; fileEncoding = 4; lastKnownFileType = sourcecode.swift; path = Helpers.swift; sourceTree = "<group>"; };
		D20A35D225E68F870012CD82 /* FileStorage.swift */ = {isa = PBXFileReference; lastKnownFileType = sourcecode.swift; path = FileStorage.swift; sourceTree = "<group>"; };
		D20A35D425E68FFB0012CD82 /* AppCommand_Timeline.swift */ = {isa = PBXFileReference; lastKnownFileType = sourcecode.swift; path = AppCommand_Timeline.swift; sourceTree = "<group>"; };
		D20A35D625EA2A100012CD82 /* UserView.swift */ = {isa = PBXFileReference; lastKnownFileType = sourcecode.swift; path = UserView.swift; sourceTree = "<group>"; };
		D20A35D825EA6BC00012CD82 /* TimelinesView.swift */ = {isa = PBXFileReference; fileEncoding = 4; lastKnownFileType = sourcecode.swift; path = TimelinesView.swift; sourceTree = "<group>"; };
		D21C3303255A827C001CBBCD /* Counter+Calculate.swift */ = {isa = PBXFileReference; lastKnownFileType = sourcecode.swift; path = "Counter+Calculate.swift"; sourceTree = "<group>"; };
		D21C3305255A8356001CBBCD /* FoundationExtensions.swift */ = {isa = PBXFileReference; fileEncoding = 4; lastKnownFileType = sourcecode.swift; path = FoundationExtensions.swift; sourceTree = "<group>"; };
		D21F4C4E24DE73C6004B2C20 /* SettingView.swift */ = {isa = PBXFileReference; lastKnownFileType = sourcecode.swift; path = SettingView.swift; sourceTree = "<group>"; };
		D2224F9024BE7FE400AE2110 /* Swifter+DeleteTweets.swift */ = {isa = PBXFileReference; lastKnownFileType = sourcecode.swift; path = "Swifter+DeleteTweets.swift"; sourceTree = "<group>"; };
		D228E06025FCF5A10063E0EB /* BookmarkedStatusView.swift */ = {isa = PBXFileReference; lastKnownFileType = sourcecode.swift; path = BookmarkedStatusView.swift; sourceTree = "<group>"; };
		D228E06225FD9A900063E0EB /* Status_CDRow.swift */ = {isa = PBXFileReference; lastKnownFileType = sourcecode.swift; path = Status_CDRow.swift; sourceTree = "<group>"; };
		D2291B5125C7835100EDB259 /* BlurView.swift */ = {isa = PBXFileReference; fileEncoding = 4; lastKnownFileType = sourcecode.swift; path = BlurView.swift; sourceTree = "<group>"; };
		D22B83652619C93D00B6A748 /* UserInfo.swift */ = {isa = PBXFileReference; lastKnownFileType = sourcecode.swift; path = UserInfo.swift; sourceTree = "<group>"; };
		D22EF6162614738800ABC8DF /* RemoteImage.swift */ = {isa = PBXFileReference; lastKnownFileType = sourcecode.swift; path = RemoteImage.swift; sourceTree = "<group>"; };
		D22F0D422615CFFA007F931E /* StatusView.swift */ = {isa = PBXFileReference; lastKnownFileType = sourcecode.swift; path = StatusView.swift; sourceTree = "<group>"; };
		D22F0D442615EDA5007F931E /* AppCommand_HubStatusRequest.swift */ = {isa = PBXFileReference; lastKnownFileType = sourcecode.swift; path = AppCommand_HubStatusRequest.swift; sourceTree = "<group>"; };
		D22F0D602619A10F007F931E /* UserTimeline.swift */ = {isa = PBXFileReference; lastKnownFileType = sourcecode.swift; path = UserTimeline.swift; sourceTree = "<group>"; };
		D2309F212547E09A00549E27 /* CustomTextEditor.swift */ = {isa = PBXFileReference; lastKnownFileType = sourcecode.swift; path = CustomTextEditor.swift; sourceTree = "<group>"; };
		D2309F28254922B000549E27 /* Toast.swift */ = {isa = PBXFileReference; lastKnownFileType = sourcecode.swift; path = Toast.swift; sourceTree = "<group>"; };
		D2318AA82571E40900F55BDF /* FavoriteStarMarkView.swift */ = {isa = PBXFileReference; lastKnownFileType = sourcecode.swift; path = FavoriteStarMarkView.swift; sourceTree = "<group>"; };
		D2318AB6257228CC00F55BDF /* TweetRowViewModel.swift */ = {isa = PBXFileReference; lastKnownFileType = sourcecode.swift; path = TweetRowViewModel.swift; sourceTree = "<group>"; };
		D23F7DF425EF254200B5E5B0 /* RetweetAndFavorite */ = {isa = PBXFileReference; lastKnownFileType = text; path = RetweetAndFavorite; sourceTree = "<group>"; };
		D2419C0C2577603C00A9CF98 /* list.txt */ = {isa = PBXFileReference; fileEncoding = 4; lastKnownFileType = text; path = list.txt; sourceTree = "<group>"; };
		D2419C0D2577603C00A9CF98 /* MediaID.txt */ = {isa = PBXFileReference; fileEncoding = 4; lastKnownFileType = text; path = MediaID.txt; sourceTree = "<group>"; };
		D2419C0E2577603C00A9CF98 /* BugWor.txt */ = {isa = PBXFileReference; fileEncoding = 4; lastKnownFileType = text; path = BugWor.txt; sourceTree = "<group>"; };
		D2419C0F2577603C00A9CF98 /* user.txt */ = {isa = PBXFileReference; fileEncoding = 4; lastKnownFileType = text; path = user.txt; sourceTree = "<group>"; };
		D2419C102577603C00A9CF98 /* SimpleTweet.txt */ = {isa = PBXFileReference; fileEncoding = 4; lastKnownFileType = text; path = SimpleTweet.txt; sourceTree = "<group>"; };
		D2419C112577603C00A9CF98 /* HashtagTweet.txt */ = {isa = PBXFileReference; fileEncoding = 4; lastKnownFileType = text; path = HashtagTweet.txt; sourceTree = "<group>"; };
		D2419C122577603C00A9CF98 /* ReplyTweet.txt */ = {isa = PBXFileReference; fileEncoding = 4; lastKnownFileType = text; path = ReplyTweet.txt; sourceTree = "<group>"; };
		D2419C132577603C00A9CF98 /* Retweet.txt */ = {isa = PBXFileReference; fileEncoding = 4; lastKnownFileType = text; path = Retweet.txt; sourceTree = "<group>"; };
		D2419C142577603C00A9CF98 /* followers */ = {isa = PBXFileReference; fileEncoding = 4; lastKnownFileType = text; path = followers; sourceTree = "<group>"; };
		D2419C232577746700A9CF98 /* TimelineType.swift */ = {isa = PBXFileReference; lastKnownFileType = sourcecode.swift; path = TimelineType.swift; sourceTree = "<group>"; };
		D2419C702579E43900A9CF98 /* NSAttributedStringView.swift */ = {isa = PBXFileReference; lastKnownFileType = sourcecode.swift; path = NSAttributedStringView.swift; sourceTree = "<group>"; };
		D2419C722579F39700A9CF98 /* JSON+getAttributedText.swift */ = {isa = PBXFileReference; lastKnownFileType = sourcecode.swift; path = "JSON+getAttributedText.swift"; sourceTree = "<group>"; };
		D252547D24D8003B00D8B508 /* RetweetJson.txt */ = {isa = PBXFileReference; lastKnownFileType = text; path = RetweetJson.txt; sourceTree = "<group>"; };
		D252547F24D804AB00D8B508 /* WebLinkAndImageJson.txt */ = {isa = PBXFileReference; lastKnownFileType = text; path = WebLinkAndImageJson.txt; sourceTree = "<group>"; };
		D252548124D807F500D8B508 /* QuoteTweetJson.txt */ = {isa = PBXFileReference; lastKnownFileType = text; path = QuoteTweetJson.txt; sourceTree = "<group>"; };
		D255E23F25EE1F440053CDE4 /* AppCommand_Tweet.swift */ = {isa = PBXFileReference; lastKnownFileType = sourcecode.swift; path = AppCommand_Tweet.swift; sourceTree = "<group>"; };
		D257D7E8258B30E700DB7F05 /* UIImage+changeColor.swift */ = {isa = PBXFileReference; lastKnownFileType = sourcecode.swift; path = "UIImage+changeColor.swift"; sourceTree = "<group>"; };
		D25D9AE325FF0EEE0038A6B1 /* StatusRow.swift */ = {isa = PBXFileReference; lastKnownFileType = sourcecode.swift; path = StatusRow.swift; sourceTree = "<group>"; };
		D262FDD924D2CEED00682B99 /* SafariView.swift */ = {isa = PBXFileReference; lastKnownFileType = sourcecode.swift; path = SafariView.swift; sourceTree = "<group>"; };
		D262FDDB24D3C5D900682B99 /* MentionUserSortedView.swift */ = {isa = PBXFileReference; lastKnownFileType = sourcecode.swift; path = MentionUserSortedView.swift; sourceTree = "<group>"; };
		D2632D64251EEFF50023C417 /* FaceDetect.swift */ = {isa = PBXFileReference; lastKnownFileType = sourcecode.swift; path = FaceDetect.swift; sourceTree = "<group>"; };
		D266729025F9ACCC0044DBBA /* Fetcher.swift */ = {isa = PBXFileReference; lastKnownFileType = sourcecode.swift; path = Fetcher.swift; sourceTree = "<group>"; };
		D26824672601871C004CAB1A /* Repository.swift */ = {isa = PBXFileReference; lastKnownFileType = sourcecode.swift; path = Repository.swift; sourceTree = "<group>"; };
		D26A8B08256284C8003BFEE6 /* CountDiagramView.swift */ = {isa = PBXFileReference; lastKnownFileType = sourcecode.swift; path = CountDiagramView.swift; sourceTree = "<group>"; };
		D270E87524BFCDBA00BBD3FE /* CreatedTimeView.swift */ = {isa = PBXFileReference; lastKnownFileType = sourcecode.swift; path = CreatedTimeView.swift; sourceTree = "<group>"; };
		D270E87C24C01C9100BBD3FE /* ToolsView.swift */ = {isa = PBXFileReference; lastKnownFileType = sourcecode.swift; path = ToolsView.swift; sourceTree = "<group>"; };
		D27744E2253B149B0062B25C /* BackOfFriendToolBar.swift */ = {isa = PBXFileReference; lastKnownFileType = sourcecode.swift; path = BackOfFriendToolBar.swift; sourceTree = "<group>"; };
		D27744E4253B14DD0062B25C /* BackOfTweetsToolBar.swift */ = {isa = PBXFileReference; lastKnownFileType = sourcecode.swift; path = BackOfTweetsToolBar.swift; sourceTree = "<group>"; };
		D2794F32251F1DE200824E6D /* SaliencyDetection.swift */ = {isa = PBXFileReference; lastKnownFileType = sourcecode.swift; path = SaliencyDetection.swift; sourceTree = "<group>"; };
		D27DCEB624B96D5F00520BE3 /* FetchMee.app */ = {isa = PBXFileReference; explicitFileType = wrapper.application; includeInIndex = 0; path = FetchMee.app; sourceTree = BUILT_PRODUCTS_DIR; };
		D27DCEB924B96D5F00520BE3 /* AppDelegate.swift */ = {isa = PBXFileReference; lastKnownFileType = sourcecode.swift; path = AppDelegate.swift; sourceTree = "<group>"; };
		D27DCEBB24B96D5F00520BE3 /* SceneDelegate.swift */ = {isa = PBXFileReference; lastKnownFileType = sourcecode.swift; path = SceneDelegate.swift; sourceTree = "<group>"; };
		D27DCEBF24B96D6100520BE3 /* Assets.xcassets */ = {isa = PBXFileReference; lastKnownFileType = folder.assetcatalog; path = Assets.xcassets; sourceTree = "<group>"; };
		D27DCEC224B96D6100520BE3 /* Preview Assets.xcassets */ = {isa = PBXFileReference; lastKnownFileType = folder.assetcatalog; path = "Preview Assets.xcassets"; sourceTree = "<group>"; };
		D27DCEC524B96D6100520BE3 /* Base */ = {isa = PBXFileReference; lastKnownFileType = file.storyboard; name = Base; path = Base.lproj/LaunchScreen.storyboard; sourceTree = "<group>"; };
		D27DCEC724B96D6100520BE3 /* Info.plist */ = {isa = PBXFileReference; lastKnownFileType = text.plist.xml; path = Info.plist; sourceTree = "<group>"; };
		D27DCF3A24B98F9900520BE3 /* Status.swift */ = {isa = PBXFileReference; fileEncoding = 4; lastKnownFileType = sourcecode.swift; path = Status.swift; sourceTree = "<group>"; };
		D27DCF8B24B9A56100520BE3 /* TweetRow.swift */ = {isa = PBXFileReference; lastKnownFileType = sourcecode.swift; path = TweetRow.swift; sourceTree = "<group>"; };
		D27FBA41260F5EC100F7067B /* Adapter.swift */ = {isa = PBXFileReference; lastKnownFileType = sourcecode.swift; path = Adapter.swift; sourceTree = "<group>"; };
		D27FBA4326101D7D00F7067B /* AuthViewFromVC.swift */ = {isa = PBXFileReference; lastKnownFileType = sourcecode.swift; path = AuthViewFromVC.swift; sourceTree = "<group>"; };
		D27FBA4626105BB700F7067B /* Status_Draft.swift */ = {isa = PBXFileReference; lastKnownFileType = sourcecode.swift; path = Status_Draft.swift; sourceTree = "<group>"; };
		D282BCA42589902400877B26 /* ComposerButtonView.swift */ = {isa = PBXFileReference; lastKnownFileType = sourcecode.swift; path = ComposerButtonView.swift; sourceTree = "<group>"; };
		D286BE492566460600DCEA1E /* AuthViewController.swift */ = {isa = PBXFileReference; lastKnownFileType = sourcecode.swift; path = AuthViewController.swift; sourceTree = "<group>"; };
		D286BE772566610C00DCEA1E /* AuthViewController.xib */ = {isa = PBXFileReference; lastKnownFileType = file.xib; path = AuthViewController.xib; sourceTree = "<group>"; };
		D286EC31255A2BD500C98195 /* UserCD+UpdateAndSave.swift */ = {isa = PBXFileReference; lastKnownFileType = sourcecode.swift; path = "UserCD+UpdateAndSave.swift"; sourceTree = "<group>"; };
		D286FFCF24BC29BF005DBC39 /* Composer.swift */ = {isa = PBXFileReference; lastKnownFileType = sourcecode.swift; path = Composer.swift; sourceTree = "<group>"; };
		D28F9E9425E4E0DB00B8EF40 /* Store.swift */ = {isa = PBXFileReference; lastKnownFileType = sourcecode.swift; path = Store.swift; sourceTree = "<group>"; };
		D28F9E9625E4E0FD00B8EF40 /* AppState.swift */ = {isa = PBXFileReference; lastKnownFileType = sourcecode.swift; path = AppState.swift; sourceTree = "<group>"; wrapsLines = 1; };
		D28F9E9825E4E37600B8EF40 /* AppAction.swift */ = {isa = PBXFileReference; lastKnownFileType = sourcecode.swift; path = AppAction.swift; sourceTree = "<group>"; };
		D28F9E9A25E4E39200B8EF40 /* AppCommand.swift */ = {isa = PBXFileReference; lastKnownFileType = sourcecode.swift; path = AppCommand.swift; sourceTree = "<group>"; };
		D28F9E9C25E4E39F00B8EF40 /* AppError.swift */ = {isa = PBXFileReference; lastKnownFileType = sourcecode.swift; path = AppError.swift; sourceTree = "<group>"; };
		D28F9EA325E86F2600B8EF40 /* TimelineIcon.swift */ = {isa = PBXFileReference; lastKnownFileType = sourcecode.swift; path = TimelineIcon.swift; sourceTree = "<group>"; };
		D28F9EA525E8764400B8EF40 /* TimelineView.swift */ = {isa = PBXFileReference; lastKnownFileType = sourcecode.swift; path = TimelineView.swift; sourceTree = "<group>"; };
		D28F9EA725E9E5D100B8EF40 /* DetailViewRedux.swift */ = {isa = PBXFileReference; lastKnownFileType = sourcecode.swift; path = DetailViewRedux.swift; sourceTree = "<group>"; };
		D2905075252C07360065EA83 /* Persistance.swift */ = {isa = PBXFileReference; lastKnownFileType = sourcecode.swift; path = Persistance.swift; sourceTree = "<group>"; };
		D2905078252C09360065EA83 /* FetchMee.xcdatamodel */ = {isa = PBXFileReference; lastKnownFileType = wrapper.xcdatamodel; path = FetchMee.xcdatamodel; sourceTree = "<group>"; };
		D290507A252C0C110065EA83 /* FetchMee.entitlements */ = {isa = PBXFileReference; lastKnownFileType = text.plist.entitlements; path = FetchMee.entitlements; sourceTree = "<group>"; };
		D290507B252C0C170065EA83 /* CloudKit.framework */ = {isa = PBXFileReference; lastKnownFileType = wrapper.framework; name = CloudKit.framework; path = System/Library/Frameworks/CloudKit.framework; sourceTree = SDKROOT; };
		D290E6E524CD1ED100662FAF /* KeyBoard Notification.swift */ = {isa = PBXFileReference; lastKnownFileType = sourcecode.swift; path = "KeyBoard Notification.swift"; sourceTree = "<group>"; };
		D29738FF24D1182600917A97 /* PhotoPickerView.swift */ = {isa = PBXFileReference; lastKnownFileType = sourcecode.swift; path = PhotoPickerView.swift; sourceTree = "<group>"; };
		D2A4D27E2552902F00668650 /* UIImage+alhpa.swift */ = {isa = PBXFileReference; lastKnownFileType = sourcecode.swift; path = "UIImage+alhpa.swift"; sourceTree = "<group>"; };
		D2A972F125FCC97D005F06A5 /* StatusCD+JSON_Save.swift */ = {isa = PBXFileReference; lastKnownFileType = sourcecode.swift; path = "StatusCD+JSON_Save.swift"; sourceTree = "<group>"; };
		D2ABAD1A256F9345009FDD94 /* ImageThumbView.swift */ = {isa = PBXFileReference; lastKnownFileType = sourcecode.swift; path = ImageThumbView.swift; sourceTree = "<group>"; };
		D2ABAD1C256F938E009FDD94 /* RemoteImageFromUrl.swift */ = {isa = PBXFileReference; lastKnownFileType = sourcecode.swift; path = RemoteImageFromUrl.swift; sourceTree = "<group>"; };
		D2AE506625564A2800437337 /* LogMessageSmallView.swift */ = {isa = PBXFileReference; lastKnownFileType = sourcecode.swift; path = LogMessageSmallView.swift; sourceTree = "<group>"; };
		D2B2560D24E38824009F982E /* videoJson.txt */ = {isa = PBXFileReference; lastKnownFileType = text; path = videoJson.txt; sourceTree = "<group>"; };
		D2B2560F24E39020009F982E /* VideoPlayView.swift */ = {isa = PBXFileReference; lastKnownFileType = sourcecode.swift; path = VideoPlayView.swift; sourceTree = "<group>"; };
		D2BC206525F26A1E007882CA /* AutoCompleteVIew.swift */ = {isa = PBXFileReference; lastKnownFileType = sourcecode.swift; path = AutoCompleteVIew.swift; sourceTree = "<group>"; };
		D2BC206725F4A8F4007882CA /* TweetTagCD+UpdateAndSave.swift */ = {isa = PBXFileReference; lastKnownFileType = sourcecode.swift; path = "TweetTagCD+UpdateAndSave.swift"; sourceTree = "<group>"; };
		D2BC206A25F4AC6B007882CA /* TweetTagCDManageView.swift */ = {isa = PBXFileReference; lastKnownFileType = sourcecode.swift; path = TweetTagCDManageView.swift; sourceTree = "<group>"; };
		D2C12CD4254A6A6B00D74778 /* User.swift */ = {isa = PBXFileReference; lastKnownFileType = sourcecode.swift; path = User.swift; sourceTree = "<group>"; };
		D2C45BAB24C6D31B007D67B6 /* ContentView.swift */ = {isa = PBXFileReference; lastKnownFileType = sourcecode.swift; path = ContentView.swift; sourceTree = "<group>"; };
		D2C4D40224D3D11100395660 /* AvatarView.swift */ = {isa = PBXFileReference; lastKnownFileType = sourcecode.swift; path = AvatarView.swift; sourceTree = "<group>"; };
		D2C7248724E613A400804F18 /* RoundedCorners.swift */ = {isa = PBXFileReference; lastKnownFileType = sourcecode.swift; path = RoundedCorners.swift; sourceTree = "<group>"; };
		D2C8107825FF9AC9001C6546 /* QuotedStatusJsonRow.swift */ = {isa = PBXFileReference; lastKnownFileType = sourcecode.swift; path = QuotedStatusJsonRow.swift; sourceTree = "<group>"; };
		D2D4878C257272D6005EE4A7 /* RetweetMarkView.swift */ = {isa = PBXFileReference; lastKnownFileType = sourcecode.swift; path = RetweetMarkView.swift; sourceTree = "<group>"; };
		D2D4878E25734B0A005EE4A7 /* PlayButtonView.swift */ = {isa = PBXFileReference; lastKnownFileType = sourcecode.swift; path = PlayButtonView.swift; sourceTree = "<group>"; };
		D2D4879125734C60005EE4A7 /* PlayButtonViewModel.swift */ = {isa = PBXFileReference; lastKnownFileType = sourcecode.swift; path = PlayButtonViewModel.swift; sourceTree = "<group>"; };
		D2D6744125C5028200348BB7 /* OverlaySheet.swift */ = {isa = PBXFileReference; lastKnownFileType = sourcecode.swift; path = OverlaySheet.swift; sourceTree = "<group>"; };
		D2DDFCBE2532D65100AE7E39 /* ToolBarView.swift */ = {isa = PBXFileReference; lastKnownFileType = sourcecode.swift; path = ToolBarView.swift; sourceTree = "<group>"; };
		D2E4D75224D851EA00D68A09 /* QuotedTweetRow.swift */ = {isa = PBXFileReference; lastKnownFileType = sourcecode.swift; path = QuotedTweetRow.swift; sourceTree = "<group>"; };
		D2EFF67A2573E2A600E016C1 /* UserNameView.swift */ = {isa = PBXFileReference; lastKnownFileType = sourcecode.swift; path = UserNameView.swift; sourceTree = "<group>"; };
		D707B6EC24C4040F0023F243 /* KeyboardHide.swift */ = {isa = PBXFileReference; lastKnownFileType = sourcecode.swift; path = KeyboardHide.swift; sourceTree = "<group>"; };
		D707B6EE24C44CE10023F243 /* DetailIndicator.swift */ = {isa = PBXFileReference; lastKnownFileType = sourcecode.swift; path = DetailIndicator.swift; sourceTree = "<group>"; };
		D730997E24ED6A5F00B57837 /* DraftsView.swift */ = {isa = PBXFileReference; lastKnownFileType = sourcecode.swift; path = DraftsView.swift; sourceTree = "<group>"; };
		D7AC536B24BAD91A00BCD71F /* Images.swift */ = {isa = PBXFileReference; lastKnownFileType = sourcecode.swift; path = Images.swift; sourceTree = "<group>"; };
		D7AC536F24BB4AB200BCD71F /* ImageViewer.swift */ = {isa = PBXFileReference; lastKnownFileType = sourcecode.swift; path = ImageViewer.swift; sourceTree = "<group>"; };
/* End PBXFileReference section */

/* Begin PBXFrameworksBuildPhase section */
		D27DCEB324B96D5F00520BE3 /* Frameworks */ = {
			isa = PBXFrameworksBuildPhase;
			buildActionMask = 2147483647;
			files = (
				D22F0D5F26198FC0007F931E /* Kingfisher in Frameworks */,
				D2FE6E15250DE11400314966 /* Swifter in Frameworks */,
				D290507C252C0C170065EA83 /* CloudKit.framework in Frameworks */,
			);
			runOnlyForDeploymentPostprocessing = 0;
		};
/* End PBXFrameworksBuildPhase section */

/* Begin PBXGroup section */
		4B68D5A92539410800A17AED /* ToolBars */ = {
			isa = PBXGroup;
			children = (
				4BA662732535923300DE8697 /* ToolBarsView.swift */,
				D2DDFCBE2532D65100AE7E39 /* ToolBarView.swift */,
				D2D5A937257E2BDE000A9C8B /* FriendToolBar */,
				D2DF0CE42562B6450058305A /* TweetToolBar */,
				D22EF6112613F67900ABC8DF /* ToolsToolBar */,
			);
			path = ToolBars;
			sourceTree = "<group>";
		};
		4B7130AD253574A500CE0082 /* TweetRow */ = {
			isa = PBXGroup;
			children = (
				D268246926019DB5004CAB1A /* Old */,
				D228E06225FD9A900063E0EB /* Status_CDRow.swift */,
				D27FBA4626105BB700F7067B /* Status_Draft.swift */,
				D25D9AE325FF0EEE0038A6B1 /* StatusRow.swift */,
				D2C8107825FF9AC9001C6546 /* QuotedStatusJsonRow.swift */,
				D2D48793257386A0005EE4A7 /* RetweetMark */,
				D2ABAD1E2570A7C4009FDD94 /* Avatar */,
				D2BB68F7257BC3F9003BDA13 /* UserNameCreatedAt */,
				D2419C6F2579E3D600A9CF98 /* StatusText */,
				D2ABAD19256F930C009FDD94 /* image */,
				D2D4879025734C0D005EE4A7 /* PlayButton */,
				D22A76AE257A738E005863CE /* ToolsView */,
			);
			path = TweetRow;
			sourceTree = "<group>";
		};
		4B7130AE2535750D00CE0082 /* OtherToolsView */ = {
			isa = PBXGroup;
			children = (
				D205246B24C18AC30046F1AB /* AlertView.swift */,
				D262FDD924D2CEED00682B99 /* SafariView.swift */,
				D2C7248724E613A400804F18 /* RoundedCorners.swift */,
				D2309F212547E09A00549E27 /* CustomTextEditor.swift */,
				D2309F28254922B000549E27 /* Toast.swift */,
				D2291B5125C7835100EDB259 /* BlurView.swift */,
				D2D6744125C5028200348BB7 /* OverlaySheet.swift */,
			);
			path = OtherToolsView;
			sourceTree = "<group>";
		};
		4BDB05D5253160A000CF71A1 /* HubViews */ = {
			isa = PBXGroup;
			children = (
				4BDB05D62531613B00CF71A1 /* HubView.swift */,
				D2BC206925F4AC26007882CA /* SettingView */,
				D297390324D150B300917A97 /* ComposerView */,
				D2A4D27D25527A0800668650 /* Timeline */,
				4B68D5A92539410800A17AED /* ToolBars */,
				D22F0D412615CF6F007F931E /* StautsView */,
			);
			path = HubViews;
			sourceTree = "<group>";
		};
		D20A35CA25E53C2D0012CD82 /* Utils */ = {
			isa = PBXGroup;
			children = (
				D2224F9024BE7FE400AE2110 /* Swifter+DeleteTweets.swift */,
				4B2C746424FA05310052F356 /* DownLoader.swift */,
				D2794F32251F1DE200824E6D /* SaliencyDetection.swift */,
				D2A4D27E2552902F00668650 /* UIImage+alhpa.swift */,
				D257D7E8258B30E700DB7F05 /* UIImage+changeColor.swift */,
				D21C3305255A8356001CBBCD /* FoundationExtensions.swift */,
				D2632D64251EEFF50023C417 /* FaceDetect.swift */,
				D205247524C290F10046F1AB /* PullRefresh.swift */,
				D20A35CB25E53C4E0012CD82 /* FileHelper.swift */,
				D20A35D025E5418E0012CD82 /* Helpers.swift */,
				D707B6EC24C4040F0023F243 /* KeyboardHide.swift */,
				D290E6E524CD1ED100662FAF /* KeyBoard Notification.swift */,
			);
			path = Utils;
			sourceTree = "<group>";
		};
		D20A35CD25E53C5C0012CD82 /* FileIO */ = {
			isa = PBXGroup;
			children = (
				D20A35D225E68F870012CD82 /* FileStorage.swift */,
			);
			path = FileIO;
			sourceTree = "<group>";
		};
		D21C3302255A824A001CBBCD /* CoreData */ = {
			isa = PBXGroup;
			children = (
				D2905075252C07360065EA83 /* Persistance.swift */,
				D2905077252C09360065EA83 /* FetchMee.xcdatamodeld */,
				D286EC31255A2BD500C98195 /* UserCD+UpdateAndSave.swift */,
				D21C3303255A827C001CBBCD /* Counter+Calculate.swift */,
				D2BC206725F4A8F4007882CA /* TweetTagCD+UpdateAndSave.swift */,
				D2A972F125FCC97D005F06A5 /* StatusCD+JSON_Save.swift */,
			);
			path = CoreData;
			sourceTree = "<group>";
		};
		D22A76AE257A738E005863CE /* ToolsView */ = {
			isa = PBXGroup;
			children = (
				D270E87C24C01C9100BBD3FE /* ToolsView.swift */,
			);
			path = ToolsView;
			sourceTree = "<group>";
		};
		D22EF6102613F52B00ABC8DF /* otherSubViews */ = {
			isa = PBXGroup;
			children = (
				D2BC206A25F4AC6B007882CA /* TweetTagCDManageView.swift */,
				4B3AD79E253965DB00194B2C /* UserMarkManageView.swift */,
				4B68D5A52539131800A17AED /* LogMessageView.swift */,
				D228E06025FCF5A10063E0EB /* BookmarkedStatusView.swift */,
				4BA0161D253AEACB003D1475 /* CountView.swift */,
			);
			path = otherSubViews;
			sourceTree = "<group>";
		};
		D22EF6112613F67900ABC8DF /* ToolsToolBar */ = {
			isa = PBXGroup;
			children = (
				4B68D5A7253940FC00A17AED /* BackOfToolsToolBar.swift */,
				D2AE506625564A2800437337 /* LogMessageSmallView.swift */,
			);
			path = ToolsToolBar;
			sourceTree = "<group>";
		};
		D22F0D412615CF6F007F931E /* StautsView */ = {
			isa = PBXGroup;
			children = (
				D22F0D422615CFFA007F931E /* StatusView.swift */,
			);
			path = StautsView;
			sourceTree = "<group>";
		};
		D2419C222577685500A9CF98 /* Repositories */ = {
			isa = PBXGroup;
			children = (
				D26824672601871C004CAB1A /* Repository.swift */,
			);
			path = Repositories;
			sourceTree = "<group>";
		};
		D2419C6F2579E3D600A9CF98 /* StatusText */ = {
			isa = PBXGroup;
			children = (
				D2419C702579E43900A9CF98 /* NSAttributedStringView.swift */,
				D2419C722579F39700A9CF98 /* JSON+getAttributedText.swift */,
			);
			path = StatusText;
			sourceTree = "<group>";
		};
		D24E409D257B6F2800401BBB /* DetailView */ = {
			isa = PBXGroup;
			children = (
				D28F9EA725E9E5D100B8EF40 /* DetailViewRedux.swift */,
				D20086EF2580DE6400A9D8C3 /* DetailInfoView.swift */,
			);
			path = DetailView;
			sourceTree = "<group>";
		};
		D252547824D8000700D8B508 /* reference */ = {
			isa = PBXGroup;
			children = (
				D2419C0E2577603C00A9CF98 /* BugWor.txt */,
				D2419C142577603C00A9CF98 /* followers */,
				D2419C112577603C00A9CF98 /* HashtagTweet.txt */,
				D2419C0C2577603C00A9CF98 /* list.txt */,
				D2419C0D2577603C00A9CF98 /* MediaID.txt */,
				D2419C122577603C00A9CF98 /* ReplyTweet.txt */,
				D2419C132577603C00A9CF98 /* Retweet.txt */,
				D2419C102577603C00A9CF98 /* SimpleTweet.txt */,
				D2419C0F2577603C00A9CF98 /* user.txt */,
				D252547D24D8003B00D8B508 /* RetweetJson.txt */,
				D252547F24D804AB00D8B508 /* WebLinkAndImageJson.txt */,
				D252548124D807F500D8B508 /* QuoteTweetJson.txt */,
				D2B2560D24E38824009F982E /* videoJson.txt */,
				4B6FE754253EE99500750AD6 /* RateLimit.txt */,
				D23F7DF425EF254200B5E5B0 /* RetweetAndFavorite */,
			);
			path = reference;
			sourceTree = "<group>";
		};
		D266728F25F9ABA50044DBBA /* Fetcher */ = {
			isa = PBXGroup;
			children = (
				D266729025F9ACCC0044DBBA /* Fetcher.swift */,
				D27FBA41260F5EC100F7067B /* Adapter.swift */,
			);
			path = Fetcher;
			sourceTree = "<group>";
		};
		D268246926019DB5004CAB1A /* Old */ = {
			isa = PBXGroup;
			children = (
				D27DCF8B24B9A56100520BE3 /* TweetRow.swift */,
				D2318AB6257228CC00F55BDF /* TweetRowViewModel.swift */,
				D2E4D75224D851EA00D68A09 /* QuotedTweetRow.swift */,
			);
			path = Old;
			sourceTree = "<group>";
		};
		D27DCEAD24B96D5F00520BE3 = {
			isa = PBXGroup;
			children = (
				D290507A252C0C110065EA83 /* FetchMee.entitlements */,
				D27DCEB824B96D5F00520BE3 /* FetchMeeBySwiftUI */,
				D27DCEB724B96D5F00520BE3 /* Products */,
				D27DCF8524B990FE00520BE3 /* Frameworks */,
			);
			sourceTree = "<group>";
		};
		D27DCEB724B96D5F00520BE3 /* Products */ = {
			isa = PBXGroup;
			children = (
				D27DCEB624B96D5F00520BE3 /* FetchMee.app */,
			);
			name = Products;
			sourceTree = "<group>";
		};
		D27DCEB824B96D5F00520BE3 /* FetchMeeBySwiftUI */ = {
			isa = PBXGroup;
			children = (
				D27DCEB924B96D5F00520BE3 /* AppDelegate.swift */,
				D27DCEBB24B96D5F00520BE3 /* SceneDelegate.swift */,
				D2C45BAB24C6D31B007D67B6 /* ContentView.swift */,
				D28F9E9225E4E0AA00B8EF40 /* State */,
				D27DCF8A24B9A54500520BE3 /* Views */,
				D27DCF3C24B98FA600520BE3 /* Model */,
				D20A35CA25E53C2D0012CD82 /* Utils */,
				D252547824D8000700D8B508 /* reference */,
				D27DCEBF24B96D6100520BE3 /* Assets.xcassets */,
				D27DCEC424B96D6100520BE3 /* LaunchScreen.storyboard */,
				D27DCEC724B96D6100520BE3 /* Info.plist */,
				D27DCEC124B96D6100520BE3 /* Preview Content */,
			);
			path = FetchMeeBySwiftUI;
			sourceTree = "<group>";
		};
		D27DCEC124B96D6100520BE3 /* Preview Content */ = {
			isa = PBXGroup;
			children = (
				D27DCEC224B96D6100520BE3 /* Preview Assets.xcassets */,
			);
			path = "Preview Content";
			sourceTree = "<group>";
		};
		D27DCF3C24B98FA600520BE3 /* Model */ = {
			isa = PBXGroup;
			children = (
				D27DCF3A24B98F9900520BE3 /* Status.swift */,
				D2C12CD4254A6A6B00D74778 /* User.swift */,
				D21C3302255A824A001CBBCD /* CoreData */,
			);
			path = Model;
			sourceTree = "<group>";
		};
		D27DCF8524B990FE00520BE3 /* Frameworks */ = {
			isa = PBXGroup;
			children = (
				D290507B252C0C170065EA83 /* CloudKit.framework */,
			);
			name = Frameworks;
			sourceTree = "<group>";
		};
		D27DCF8A24B9A54500520BE3 /* Views */ = {
			isa = PBXGroup;
			children = (
				D286BE79256666BA00DCEA1E /* Auth */,
				4BDB05D5253160A000CF71A1 /* HubViews */,
				4B7130AE2535750D00CE0082 /* OtherToolsView */,
			);
			path = Views;
			sourceTree = "<group>";
		};
		D286BE79256666BA00DCEA1E /* Auth */ = {
			isa = PBXGroup;
			children = (
				D27FBA4326101D7D00F7067B /* AuthViewFromVC.swift */,
				D286BE492566460600DCEA1E /* AuthViewController.swift */,
				D286BE772566610C00DCEA1E /* AuthViewController.xib */,
			);
			path = Auth;
			sourceTree = "<group>";
		};
		D28F9E9225E4E0AA00B8EF40 /* State */ = {
			isa = PBXGroup;
			children = (
				D28F9E9325E4E0C600B8EF40 /* DataFlow */,
				D2419C222577685500A9CF98 /* Repositories */,
				D266728F25F9ABA50044DBBA /* Fetcher */,
				D20A35CD25E53C5C0012CD82 /* FileIO */,
			);
			path = State;
			sourceTree = "<group>";
		};
		D28F9E9325E4E0C600B8EF40 /* DataFlow */ = {
			isa = PBXGroup;
			children = (
				D28F9E9425E4E0DB00B8EF40 /* Store.swift */,
				D28F9E9625E4E0FD00B8EF40 /* AppState.swift */,
				D28F9E9825E4E37600B8EF40 /* AppAction.swift */,
				D28F9E9A25E4E39200B8EF40 /* AppCommand.swift */,
				D20A35D425E68FFB0012CD82 /* AppCommand_Timeline.swift */,
				D255E23F25EE1F440053CDE4 /* AppCommand_Tweet.swift */,
				D22F0D442615EDA5007F931E /* AppCommand_HubStatusRequest.swift */,
				D28F9E9C25E4E39F00B8EF40 /* AppError.swift */,
			);
			path = DataFlow;
			sourceTree = "<group>";
		};
		D297390324D150B300917A97 /* ComposerView */ = {
			isa = PBXGroup;
			children = (
				4BDB05D825316D5C00CF71A1 /* ComposerOfHubView.swift */,
				D2BC206525F26A1E007882CA /* AutoCompleteVIew.swift */,
				D286FFCF24BC29BF005DBC39 /* Composer.swift */,
				D29738FF24D1182600917A97 /* PhotoPickerView.swift */,
				D730997E24ED6A5F00B57837 /* DraftsView.swift */,
			);
			path = ComposerView;
			sourceTree = "<group>";
		};
		D2A4D27D25527A0800668650 /* Timeline */ = {
			isa = PBXGroup;
			children = (
				D28F9EA325E86F2600B8EF40 /* TimelineIcon.swift */,
				D28F9EA525E8764400B8EF40 /* TimelineView.swift */,
				D20A35D825EA6BC00012CD82 /* TimelinesView.swift */,
				D2419C232577746700A9CF98 /* TimelineType.swift */,
				D282BCA42589902400877B26 /* ComposerButtonView.swift */,
				4B7130AD253574A500CE0082 /* TweetRow */,
				D24E409D257B6F2800401BBB /* DetailView */,
				D2BB68FE257C8483003BDA13 /* User */,
			);
			path = Timeline;
			sourceTree = "<group>";
		};
		D2ABAD19256F930C009FDD94 /* image */ = {
			isa = PBXGroup;
			children = (
				D7AC536B24BAD91A00BCD71F /* Images.swift */,
				D2ABAD1A256F9345009FDD94 /* ImageThumbView.swift */,
				D2ABAD1C256F938E009FDD94 /* RemoteImageFromUrl.swift */,
				D22EF6162614738800ABC8DF /* RemoteImage.swift */,
				D7AC536F24BB4AB200BCD71F /* ImageViewer.swift */,
			);
			path = image;
			sourceTree = "<group>";
		};
		D2ABAD1E2570A7C4009FDD94 /* Avatar */ = {
			isa = PBXGroup;
			children = (
				4B5E607525353A7200E7A5F1 /* AvatarImageView.swift */,
				D2C4D40224D3D11100395660 /* AvatarView.swift */,
				D2318AA82571E40900F55BDF /* FavoriteStarMarkView.swift */,
			);
			path = Avatar;
			sourceTree = "<group>";
		};
		D2BB68F7257BC3F9003BDA13 /* UserNameCreatedAt */ = {
			isa = PBXGroup;
			children = (
				D270E87524BFCDBA00BBD3FE /* CreatedTimeView.swift */,
				D707B6EE24C44CE10023F243 /* DetailIndicator.swift */,
				D2EFF67A2573E2A600E016C1 /* UserNameView.swift */,
			);
			path = UserNameCreatedAt;
			sourceTree = "<group>";
		};
		D2BB68FE257C8483003BDA13 /* User */ = {
			isa = PBXGroup;
			children = (
				D20A35D625EA2A100012CD82 /* UserView.swift */,
				D22B83652619C93D00B6A748 /* UserInfo.swift */,
				D22F0D602619A10F007F931E /* UserTimeline.swift */,
			);
			path = User;
			sourceTree = "<group>";
		};
		D2BC206925F4AC26007882CA /* SettingView */ = {
			isa = PBXGroup;
			children = (
				D21F4C4E24DE73C6004B2C20 /* SettingView.swift */,
				D22EF6102613F52B00ABC8DF /* otherSubViews */,
			);
			path = SettingView;
			sourceTree = "<group>";
		};
		D2D4879025734C0D005EE4A7 /* PlayButton */ = {
			isa = PBXGroup;
			children = (
				D2D4878E25734B0A005EE4A7 /* PlayButtonView.swift */,
				D2D4879125734C60005EE4A7 /* PlayButtonViewModel.swift */,
				D2B2560F24E39020009F982E /* VideoPlayView.swift */,
			);
			path = PlayButton;
			sourceTree = "<group>";
		};
		D2D48793257386A0005EE4A7 /* RetweetMark */ = {
			isa = PBXGroup;
			children = (
				D2D4878C257272D6005EE4A7 /* RetweetMarkView.swift */,
			);
			path = RetweetMark;
			sourceTree = "<group>";
		};
		D2D5A937257E2BDE000A9C8B /* FriendToolBar */ = {
			isa = PBXGroup;
			children = (
				D27744E2253B149B0062B25C /* BackOfFriendToolBar.swift */,
				D262FDDB24D3C5D900682B99 /* MentionUserSortedView.swift */,
			);
			path = FriendToolBar;
			sourceTree = "<group>";
		};
		D2DF0CE42562B6450058305A /* TweetToolBar */ = {
			isa = PBXGroup;
			children = (
				D27744E4253B14DD0062B25C /* BackOfTweetsToolBar.swift */,
				D26A8B08256284C8003BFEE6 /* CountDiagramView.swift */,
			);
			path = TweetToolBar;
			sourceTree = "<group>";
		};
/* End PBXGroup section */

/* Begin PBXNativeTarget section */
		D27DCEB524B96D5F00520BE3 /* FetchMee */ = {
			isa = PBXNativeTarget;
			buildConfigurationList = D27DCECA24B96D6100520BE3 /* Build configuration list for PBXNativeTarget "FetchMee" */;
			buildPhases = (
				D27DCEB224B96D5F00520BE3 /* Sources */,
				D27DCEB324B96D5F00520BE3 /* Frameworks */,
				D27DCEB424B96D5F00520BE3 /* Resources */,
				D27DCF8824B990FE00520BE3 /* Embed Frameworks */,
			);
			buildRules = (
			);
			dependencies = (
			);
			name = FetchMee;
			packageProductDependencies = (
				D2FE6E14250DE11400314966 /* Swifter */,
				D22F0D5E26198FC0007F931E /* Kingfisher */,
			);
			productName = FetchMeeBySwiftUI;
			productReference = D27DCEB624B96D5F00520BE3 /* FetchMee.app */;
			productType = "com.apple.product-type.application";
		};
/* End PBXNativeTarget section */

/* Begin PBXProject section */
		D27DCEAE24B96D5F00520BE3 /* Project object */ = {
			isa = PBXProject;
			attributes = {
				LastSwiftUpdateCheck = 1150;
				LastUpgradeCheck = 1200;
				ORGANIZATIONNAME = jyrnan;
				TargetAttributes = {
					D27DCEB524B96D5F00520BE3 = {
						CreatedOnToolsVersion = 11.5;
					};
				};
			};
			buildConfigurationList = D27DCEB124B96D5F00520BE3 /* Build configuration list for PBXProject "FetchMeeBySwiftUI" */;
			compatibilityVersion = "Xcode 9.3";
			developmentRegion = en;
			hasScannedForEncodings = 0;
			knownRegions = (
				en,
				Base,
			);
			mainGroup = D27DCEAD24B96D5F00520BE3;
			packageReferences = (
				D2FE6E13250DE11400314966 /* XCRemoteSwiftPackageReference "Swifter" */,
				D22F0D5D26198FC0007F931E /* XCRemoteSwiftPackageReference "Kingfisher" */,
			);
			productRefGroup = D27DCEB724B96D5F00520BE3 /* Products */;
			projectDirPath = "";
			projectRoot = "";
			targets = (
				D27DCEB524B96D5F00520BE3 /* FetchMee */,
			);
		};
/* End PBXProject section */

/* Begin PBXResourcesBuildPhase section */
		D27DCEB424B96D5F00520BE3 /* Resources */ = {
			isa = PBXResourcesBuildPhase;
			buildActionMask = 2147483647;
			files = (
				D2419C192577603C00A9CF98 /* SimpleTweet.txt in Resources */,
				D23F7DF525EF254200B5E5B0 /* RetweetAndFavorite in Resources */,
				D2419C1B2577603C00A9CF98 /* ReplyTweet.txt in Resources */,
				D27DCEC624B96D6100520BE3 /* LaunchScreen.storyboard in Resources */,
				D2419C1C2577603C00A9CF98 /* Retweet.txt in Resources */,
				D2B2560E24E38824009F982E /* videoJson.txt in Resources */,
				D2419C1A2577603C00A9CF98 /* HashtagTweet.txt in Resources */,
				D27DCEC324B96D6100520BE3 /* Preview Assets.xcassets in Resources */,
				D27DCEC024B96D6100520BE3 /* Assets.xcassets in Resources */,
				D2419C162577603C00A9CF98 /* MediaID.txt in Resources */,
				D2419C152577603C00A9CF98 /* list.txt in Resources */,
				D2419C182577603C00A9CF98 /* user.txt in Resources */,
				D2419C172577603C00A9CF98 /* BugWor.txt in Resources */,
				D2419C1D2577603C00A9CF98 /* followers in Resources */,
				D252548224D807F500D8B508 /* QuoteTweetJson.txt in Resources */,
				D252548024D804AB00D8B508 /* WebLinkAndImageJson.txt in Resources */,
				4B6FE755253EE99500750AD6 /* RateLimit.txt in Resources */,
				D252547E24D8003B00D8B508 /* RetweetJson.txt in Resources */,
				D286BE782566610C00DCEA1E /* AuthViewController.xib in Resources */,
			);
			runOnlyForDeploymentPostprocessing = 0;
		};
/* End PBXResourcesBuildPhase section */

/* Begin PBXSourcesBuildPhase section */
		D27DCEB224B96D5F00520BE3 /* Sources */ = {
			isa = PBXSourcesBuildPhase;
			buildActionMask = 2147483647;
			files = (
				D290E6E624CD1ED100662FAF /* KeyBoard Notification.swift in Sources */,
				D2AE506725564A2800437337 /* LogMessageSmallView.swift in Sources */,
				D205246C24C18AC30046F1AB /* AlertView.swift in Sources */,
				D2309F29254922B000549E27 /* Toast.swift in Sources */,
				D2B2561024E39020009F982E /* VideoPlayView.swift in Sources */,
				D2C4D40324D3D11100395660 /* AvatarView.swift in Sources */,
				D2905079252C09360065EA83 /* FetchMee.xcdatamodeld in Sources */,
				D26A8B09256284C8003BFEE6 /* CountDiagramView.swift in Sources */,
				D2C45BAC24C6D31B007D67B6 /* ContentView.swift in Sources */,
				D27744E3253B149B0062B25C /* BackOfFriendToolBar.swift in Sources */,
				D27744E5253B14DD0062B25C /* BackOfTweetsToolBar.swift in Sources */,
				D2419C732579F39700A9CF98 /* JSON+getAttributedText.swift in Sources */,
				D2ABAD1B256F9345009FDD94 /* ImageThumbView.swift in Sources */,
				D2ABAD1D256F938E009FDD94 /* RemoteImageFromUrl.swift in Sources */,
				D21C3304255A827C001CBBCD /* Counter+Calculate.swift in Sources */,
				D270E87624BFCDBA00BBD3FE /* CreatedTimeView.swift in Sources */,
				D28F9E9925E4E37600B8EF40 /* AppAction.swift in Sources */,
				4B5E607625353A7200E7A5F1 /* AvatarImageView.swift in Sources */,
				D28F9EA625E8764400B8EF40 /* TimelineView.swift in Sources */,
				D2BC206625F26A1E007882CA /* AutoCompleteVIew.swift in Sources */,
				D2318AA92571E40900F55BDF /* FavoriteStarMarkView.swift in Sources */,
				D2BC206B25F4AC6B007882CA /* TweetTagCDManageView.swift in Sources */,
				D21F4C4F24DE73C6004B2C20 /* SettingView.swift in Sources */,
				D2D4879225734C60005EE4A7 /* PlayButtonViewModel.swift in Sources */,
				D21C3306255A8356001CBBCD /* FoundationExtensions.swift in Sources */,
				D205247624C290F10046F1AB /* PullRefresh.swift in Sources */,
				D2224F9124BE7FE400AE2110 /* Swifter+DeleteTweets.swift in Sources */,
				D2C8107925FF9AC9001C6546 /* QuotedStatusJsonRow.swift in Sources */,
				D22B83662619C93D00B6A748 /* UserInfo.swift in Sources */,
				D228E06325FD9A900063E0EB /* Status_CDRow.swift in Sources */,
				D27FBA42260F5EC100F7067B /* Adapter.swift in Sources */,
				D286FFD024BC29BF005DBC39 /* Composer.swift in Sources */,
				D28F9EA425E86F2600B8EF40 /* TimelineIcon.swift in Sources */,
				D25D9AE425FF0EEE0038A6B1 /* StatusRow.swift in Sources */,
				D2419C242577746700A9CF98 /* TimelineType.swift in Sources */,
				D2DDFCBF2532D65100AE7E39 /* ToolBarView.swift in Sources */,
				D28F9E9525E4E0DB00B8EF40 /* Store.swift in Sources */,
				D2318AB7257228CC00F55BDF /* TweetRowViewModel.swift in Sources */,
				D2C7248824E613A500804F18 /* RoundedCorners.swift in Sources */,
				D20A35D125E5418E0012CD82 /* Helpers.swift in Sources */,
				D20A35CC25E53C4E0012CD82 /* FileHelper.swift in Sources */,
				4BA0161E253AEACB003D1475 /* CountView.swift in Sources */,
				4B2C746524FA05310052F356 /* DownLoader.swift in Sources */,
				D2BC206825F4A8F4007882CA /* TweetTagCD+UpdateAndSave.swift in Sources */,
				D22F0D432615CFFA007F931E /* StatusView.swift in Sources */,
				D282BCA52589902400877B26 /* ComposerButtonView.swift in Sources */,
				D257D7E9258B30E700DB7F05 /* UIImage+changeColor.swift in Sources */,
				D730997F24ED6A5F00B57837 /* DraftsView.swift in Sources */,
				D2A972F225FCC97D005F06A5 /* StatusCD+JSON_Save.swift in Sources */,
				D2D4878F25734B0A005EE4A7 /* PlayButtonView.swift in Sources */,
				D255E24025EE1F440053CDE4 /* AppCommand_Tweet.swift in Sources */,
				D266729125F9ACCC0044DBBA /* Fetcher.swift in Sources */,
				4BDB05D72531613B00CF71A1 /* HubView.swift in Sources */,
				D2D6744225C5028200348BB7 /* OverlaySheet.swift in Sources */,
				D20A35D725EA2A100012CD82 /* UserView.swift in Sources */,
				4BA662742535923300DE8697 /* ToolBarsView.swift in Sources */,
				D2A4D27F2552902F00668650 /* UIImage+alhpa.swift in Sources */,
				D7AC537024BB4AB200BCD71F /* ImageViewer.swift in Sources */,
				D2291B5225C7835100EDB259 /* BlurView.swift in Sources */,
				4B3AD79F253965DB00194B2C /* UserMarkManageView.swift in Sources */,
				D20086F02580DE6400A9D8C3 /* DetailInfoView.swift in Sources */,
				D2309F222547E09A00549E27 /* CustomTextEditor.swift in Sources */,
				D707B6EF24C44CE20023F243 /* DetailIndicator.swift in Sources */,
				D228E06125FCF5A10063E0EB /* BookmarkedStatusView.swift in Sources */,
				D262FDDA24D2CEED00682B99 /* SafariView.swift in Sources */,
				D27DCEBA24B96D5F00520BE3 /* AppDelegate.swift in Sources */,
				D27FBA4726105BB700F7067B /* Status_Draft.swift in Sources */,
				D22F0D612619A10F007F931E /* UserTimeline.swift in Sources */,
				D2905076252C07360065EA83 /* Persistance.swift in Sources */,
				D297390024D1182600917A97 /* PhotoPickerView.swift in Sources */,
				4B68D5A8253940FC00A17AED /* BackOfToolsToolBar.swift in Sources */,
				D270E87D24C01C9100BBD3FE /* ToolsView.swift in Sources */,
				4B68D5A62539131800A17AED /* LogMessageView.swift in Sources */,
				D2E4D75324D851EA00D68A09 /* QuotedTweetRow.swift in Sources */,
				D2794F33251F1DE200824E6D /* SaliencyDetection.swift in Sources */,
				D2EFF67B2573E2A600E016C1 /* UserNameView.swift in Sources */,
				D20A35D525E68FFB0012CD82 /* AppCommand_Timeline.swift in Sources */,
				D2C12CD5254A6A6B00D74778 /* User.swift in Sources */,
				4BDB05D925316D5C00CF71A1 /* ComposerOfHubView.swift in Sources */,
				D27DCEBC24B96D5F00520BE3 /* SceneDelegate.swift in Sources */,
				D27DCF8C24B9A56100520BE3 /* TweetRow.swift in Sources */,
				D7AC536C24BAD91A00BCD71F /* Images.swift in Sources */,
				D286BE4A2566460600DCEA1E /* AuthViewController.swift in Sources */,
				D262FDDC24D3C5D900682B99 /* MentionUserSortedView.swift in Sources */,
				D22F0D452615EDA5007F931E /* AppCommand_HubStatusRequest.swift in Sources */,
				D22EF6172614738800ABC8DF /* RemoteImage.swift in Sources */,
				D28F9E9B25E4E39200B8EF40 /* AppCommand.swift in Sources */,
				D28F9E9725E4E0FD00B8EF40 /* AppState.swift in Sources */,
				D2D4878D257272D6005EE4A7 /* RetweetMarkView.swift in Sources */,
				D27FBA4426101D7D00F7067B /* AuthViewFromVC.swift in Sources */,
				D707B6ED24C4040F0023F243 /* KeyboardHide.swift in Sources */,
				D28F9EA825E9E5D100B8EF40 /* DetailViewRedux.swift in Sources */,
				D2419C712579E43900A9CF98 /* NSAttributedStringView.swift in Sources */,
				D20A35D925EA6BC00012CD82 /* TimelinesView.swift in Sources */,
				D20A35D325E68F870012CD82 /* FileStorage.swift in Sources */,
				D28F9E9D25E4E39F00B8EF40 /* AppError.swift in Sources */,
				D2632D65251EEFF50023C417 /* FaceDetect.swift in Sources */,
				D286EC32255A2BD600C98195 /* UserCD+UpdateAndSave.swift in Sources */,
				D27DCF3B24B98F9900520BE3 /* Status.swift in Sources */,
				D26824682601871C004CAB1A /* Repository.swift in Sources */,
			);
			runOnlyForDeploymentPostprocessing = 0;
		};
/* End PBXSourcesBuildPhase section */

/* Begin PBXVariantGroup section */
		D27DCEC424B96D6100520BE3 /* LaunchScreen.storyboard */ = {
			isa = PBXVariantGroup;
			children = (
				D27DCEC524B96D6100520BE3 /* Base */,
			);
			name = LaunchScreen.storyboard;
			sourceTree = "<group>";
		};
/* End PBXVariantGroup section */

/* Begin XCBuildConfiguration section */
		D27DCEC824B96D6100520BE3 /* Debug */ = {
			isa = XCBuildConfiguration;
			buildSettings = {
				ALWAYS_SEARCH_USER_PATHS = NO;
				CLANG_ANALYZER_NONNULL = YES;
				CLANG_ANALYZER_NUMBER_OBJECT_CONVERSION = YES_AGGRESSIVE;
				CLANG_CXX_LANGUAGE_STANDARD = "gnu++14";
				CLANG_CXX_LIBRARY = "libc++";
				CLANG_ENABLE_MODULES = YES;
				CLANG_ENABLE_OBJC_ARC = YES;
				CLANG_ENABLE_OBJC_WEAK = YES;
				CLANG_WARN_BLOCK_CAPTURE_AUTORELEASING = YES;
				CLANG_WARN_BOOL_CONVERSION = YES;
				CLANG_WARN_COMMA = YES;
				CLANG_WARN_CONSTANT_CONVERSION = YES;
				CLANG_WARN_DEPRECATED_OBJC_IMPLEMENTATIONS = YES;
				CLANG_WARN_DIRECT_OBJC_ISA_USAGE = YES_ERROR;
				CLANG_WARN_DOCUMENTATION_COMMENTS = YES;
				CLANG_WARN_EMPTY_BODY = YES;
				CLANG_WARN_ENUM_CONVERSION = YES;
				CLANG_WARN_INFINITE_RECURSION = YES;
				CLANG_WARN_INT_CONVERSION = YES;
				CLANG_WARN_NON_LITERAL_NULL_CONVERSION = YES;
				CLANG_WARN_OBJC_IMPLICIT_RETAIN_SELF = YES;
				CLANG_WARN_OBJC_LITERAL_CONVERSION = YES;
				CLANG_WARN_OBJC_ROOT_CLASS = YES_ERROR;
				CLANG_WARN_QUOTED_INCLUDE_IN_FRAMEWORK_HEADER = YES;
				CLANG_WARN_RANGE_LOOP_ANALYSIS = YES;
				CLANG_WARN_STRICT_PROTOTYPES = YES;
				CLANG_WARN_SUSPICIOUS_MOVE = YES;
				CLANG_WARN_UNGUARDED_AVAILABILITY = YES_AGGRESSIVE;
				CLANG_WARN_UNREACHABLE_CODE = YES;
				CLANG_WARN__DUPLICATE_METHOD_MATCH = YES;
				COPY_PHASE_STRIP = NO;
				DEBUG_INFORMATION_FORMAT = dwarf;
				ENABLE_STRICT_OBJC_MSGSEND = YES;
				ENABLE_TESTABILITY = YES;
				GCC_C_LANGUAGE_STANDARD = gnu11;
				GCC_DYNAMIC_NO_PIC = NO;
				GCC_NO_COMMON_BLOCKS = YES;
				GCC_OPTIMIZATION_LEVEL = 0;
				GCC_PREPROCESSOR_DEFINITIONS = (
					"DEBUG=1",
					"$(inherited)",
				);
				GCC_WARN_64_TO_32_BIT_CONVERSION = YES;
				GCC_WARN_ABOUT_RETURN_TYPE = YES_ERROR;
				GCC_WARN_UNDECLARED_SELECTOR = YES;
				GCC_WARN_UNINITIALIZED_AUTOS = YES_AGGRESSIVE;
				GCC_WARN_UNUSED_FUNCTION = YES;
				GCC_WARN_UNUSED_VARIABLE = YES;
				IPHONEOS_DEPLOYMENT_TARGET = 14.0;
				MTL_ENABLE_DEBUG_INFO = INCLUDE_SOURCE;
				MTL_FAST_MATH = YES;
				ONLY_ACTIVE_ARCH = YES;
				SDKROOT = iphoneos;
				SWIFT_ACTIVE_COMPILATION_CONDITIONS = DEBUG;
				SWIFT_OPTIMIZATION_LEVEL = "-Onone";
			};
			name = Debug;
		};
		D27DCEC924B96D6100520BE3 /* Release */ = {
			isa = XCBuildConfiguration;
			buildSettings = {
				ALWAYS_SEARCH_USER_PATHS = NO;
				CLANG_ANALYZER_NONNULL = YES;
				CLANG_ANALYZER_NUMBER_OBJECT_CONVERSION = YES_AGGRESSIVE;
				CLANG_CXX_LANGUAGE_STANDARD = "gnu++14";
				CLANG_CXX_LIBRARY = "libc++";
				CLANG_ENABLE_MODULES = YES;
				CLANG_ENABLE_OBJC_ARC = YES;
				CLANG_ENABLE_OBJC_WEAK = YES;
				CLANG_WARN_BLOCK_CAPTURE_AUTORELEASING = YES;
				CLANG_WARN_BOOL_CONVERSION = YES;
				CLANG_WARN_COMMA = YES;
				CLANG_WARN_CONSTANT_CONVERSION = YES;
				CLANG_WARN_DEPRECATED_OBJC_IMPLEMENTATIONS = YES;
				CLANG_WARN_DIRECT_OBJC_ISA_USAGE = YES_ERROR;
				CLANG_WARN_DOCUMENTATION_COMMENTS = YES;
				CLANG_WARN_EMPTY_BODY = YES;
				CLANG_WARN_ENUM_CONVERSION = YES;
				CLANG_WARN_INFINITE_RECURSION = YES;
				CLANG_WARN_INT_CONVERSION = YES;
				CLANG_WARN_NON_LITERAL_NULL_CONVERSION = YES;
				CLANG_WARN_OBJC_IMPLICIT_RETAIN_SELF = YES;
				CLANG_WARN_OBJC_LITERAL_CONVERSION = YES;
				CLANG_WARN_OBJC_ROOT_CLASS = YES_ERROR;
				CLANG_WARN_QUOTED_INCLUDE_IN_FRAMEWORK_HEADER = YES;
				CLANG_WARN_RANGE_LOOP_ANALYSIS = YES;
				CLANG_WARN_STRICT_PROTOTYPES = YES;
				CLANG_WARN_SUSPICIOUS_MOVE = YES;
				CLANG_WARN_UNGUARDED_AVAILABILITY = YES_AGGRESSIVE;
				CLANG_WARN_UNREACHABLE_CODE = YES;
				CLANG_WARN__DUPLICATE_METHOD_MATCH = YES;
				COPY_PHASE_STRIP = NO;
				DEBUG_INFORMATION_FORMAT = "dwarf-with-dsym";
				ENABLE_NS_ASSERTIONS = NO;
				ENABLE_STRICT_OBJC_MSGSEND = YES;
				GCC_C_LANGUAGE_STANDARD = gnu11;
				GCC_NO_COMMON_BLOCKS = YES;
				GCC_WARN_64_TO_32_BIT_CONVERSION = YES;
				GCC_WARN_ABOUT_RETURN_TYPE = YES_ERROR;
				GCC_WARN_UNDECLARED_SELECTOR = YES;
				GCC_WARN_UNINITIALIZED_AUTOS = YES_AGGRESSIVE;
				GCC_WARN_UNUSED_FUNCTION = YES;
				GCC_WARN_UNUSED_VARIABLE = YES;
				IPHONEOS_DEPLOYMENT_TARGET = 14.0;
				MTL_ENABLE_DEBUG_INFO = NO;
				MTL_FAST_MATH = YES;
				SDKROOT = iphoneos;
				SWIFT_COMPILATION_MODE = wholemodule;
				SWIFT_OPTIMIZATION_LEVEL = "-O";
				VALIDATE_PRODUCT = YES;
			};
			name = Release;
		};
		D27DCECB24B96D6100520BE3 /* Debug */ = {
			isa = XCBuildConfiguration;
			buildSettings = {
				ASSETCATALOG_COMPILER_APPICON_NAME = AppIcon;
				CODE_SIGN_ENTITLEMENTS = FetchMee.entitlements;
				CODE_SIGN_IDENTITY = "Apple Development";
				CODE_SIGN_STYLE = Automatic;
				CURRENT_PROJECT_VERSION = 69;
				DEVELOPMENT_ASSET_PATHS = "\"FetchMeeBySwiftUI/Preview Content\"";
				DEVELOPMENT_TEAM = FAL6NRZRQP;
				ENABLE_PREVIEWS = YES;
				INFOPLIST_FILE = FetchMeeBySwiftUI/Info.plist;
				LD_RUNPATH_SEARCH_PATHS = (
					"$(inherited)",
					"@executable_path/Frameworks",
				);
				MARKETING_VERSION = 1.0;
				PRODUCT_BUNDLE_IDENTIFIER = com.jyrnan.FetchMee;
				PRODUCT_NAME = "$(TARGET_NAME)";
				PROVISIONING_PROFILE_SPECIFIER = "";
				SUPPORTS_MACCATALYST = NO;
				SWIFT_VERSION = 5.0;
				TARGETED_DEVICE_FAMILY = "1,2";
			};
			name = Debug;
		};
		D27DCECC24B96D6100520BE3 /* Release */ = {
			isa = XCBuildConfiguration;
			buildSettings = {
				ASSETCATALOG_COMPILER_APPICON_NAME = AppIcon;
				CODE_SIGN_ENTITLEMENTS = FetchMee.entitlements;
				CODE_SIGN_IDENTITY = "Apple Development";
				CODE_SIGN_STYLE = Automatic;
				CURRENT_PROJECT_VERSION = 69;
				DEVELOPMENT_ASSET_PATHS = "\"FetchMeeBySwiftUI/Preview Content\"";
				DEVELOPMENT_TEAM = FAL6NRZRQP;
				ENABLE_PREVIEWS = YES;
				INFOPLIST_FILE = FetchMeeBySwiftUI/Info.plist;
				LD_RUNPATH_SEARCH_PATHS = (
					"$(inherited)",
					"@executable_path/Frameworks",
				);
				MARKETING_VERSION = 1.0;
				PRODUCT_BUNDLE_IDENTIFIER = com.jyrnan.FetchMee;
				PRODUCT_NAME = "$(TARGET_NAME)";
				PROVISIONING_PROFILE_SPECIFIER = "";
				SUPPORTS_MACCATALYST = NO;
				SWIFT_VERSION = 5.0;
				TARGETED_DEVICE_FAMILY = "1,2";
			};
			name = Release;
		};
/* End XCBuildConfiguration section */

/* Begin XCConfigurationList section */
		D27DCEB124B96D5F00520BE3 /* Build configuration list for PBXProject "FetchMeeBySwiftUI" */ = {
			isa = XCConfigurationList;
			buildConfigurations = (
				D27DCEC824B96D6100520BE3 /* Debug */,
				D27DCEC924B96D6100520BE3 /* Release */,
			);
			defaultConfigurationIsVisible = 0;
			defaultConfigurationName = Release;
		};
		D27DCECA24B96D6100520BE3 /* Build configuration list for PBXNativeTarget "FetchMee" */ = {
			isa = XCConfigurationList;
			buildConfigurations = (
				D27DCECB24B96D6100520BE3 /* Debug */,
				D27DCECC24B96D6100520BE3 /* Release */,
			);
			defaultConfigurationIsVisible = 0;
			defaultConfigurationName = Release;
		};
/* End XCConfigurationList section */

/* Begin XCRemoteSwiftPackageReference section */
		D22F0D5D26198FC0007F931E /* XCRemoteSwiftPackageReference "Kingfisher" */ = {
			isa = XCRemoteSwiftPackageReference;
			repositoryURL = "https://github.com/onevcat/Kingfisher";
			requirement = {
				kind = upToNextMajorVersion;
				minimumVersion = 6.2.1;
			};
		};
		D2FE6E13250DE11400314966 /* XCRemoteSwiftPackageReference "Swifter" */ = {
			isa = XCRemoteSwiftPackageReference;
			repositoryURL = "https://github.com/mattdonnelly/Swifter.git";
			requirement = {
				kind = upToNextMajorVersion;
				minimumVersion = 2.4.0;
			};
		};
/* End XCRemoteSwiftPackageReference section */

/* Begin XCSwiftPackageProductDependency section */
		D22F0D5E26198FC0007F931E /* Kingfisher */ = {
			isa = XCSwiftPackageProductDependency;
			package = D22F0D5D26198FC0007F931E /* XCRemoteSwiftPackageReference "Kingfisher" */;
			productName = Kingfisher;
		};
		D2FE6E14250DE11400314966 /* Swifter */ = {
			isa = XCSwiftPackageProductDependency;
			package = D2FE6E13250DE11400314966 /* XCRemoteSwiftPackageReference "Swifter" */;
			productName = Swifter;
		};
/* End XCSwiftPackageProductDependency section */

/* Begin XCVersionGroup section */
		D2905077252C09360065EA83 /* FetchMee.xcdatamodeld */ = {
			isa = XCVersionGroup;
			children = (
				D2905078252C09360065EA83 /* FetchMee.xcdatamodel */,
			);
			currentVersion = D2905078252C09360065EA83 /* FetchMee.xcdatamodel */;
			path = FetchMee.xcdatamodeld;
			sourceTree = "<group>";
			versionGroupType = wrapper.xcdatamodel;
		};
/* End XCVersionGroup section */
	};
	rootObject = D27DCEAE24B96D5F00520BE3 /* Project object */;
}
