// !$*UTF8*$!
{
	archiveVersion = 1;
	classes = {
	};
	objectVersion = 50;
	objects = {

/* Begin PBXBuildFile section */
		D205246C24C18AC30046F1AB /* AlertView.swift in Sources */ = {isa = PBXBuildFile; fileRef = D205246B24C18AC30046F1AB /* AlertView.swift */; };
		D205247424C199500046F1AB /* AlertsModel.swift in Sources */ = {isa = PBXBuildFile; fileRef = D205247324C199500046F1AB /* AlertsModel.swift */; };
		D205247624C290F10046F1AB /* PullRefresh.swift in Sources */ = {isa = PBXBuildFile; fileRef = D205247524C290F10046F1AB /* PullRefresh.swift */; };
		D2224F8A24BE7C0400AE2110 /* User.swift in Sources */ = {isa = PBXBuildFile; fileRef = D2224F8924BE7C0400AE2110 /* User.swift */; };
		D2224F9124BE7FE400AE2110 /* Swifter+Observable.swift in Sources */ = {isa = PBXBuildFile; fileRef = D2224F9024BE7FE400AE2110 /* Swifter+Observable.swift */; };
		D2224FD324BE901E00AE2110 /* AuthView.swift in Sources */ = {isa = PBXBuildFile; fileRef = D2224FD224BE901E00AE2110 /* AuthView.swift */; };
		D270E87624BFCDBA00BBD3FE /* CreatedTimeView.swift in Sources */ = {isa = PBXBuildFile; fileRef = D270E87524BFCDBA00BBD3FE /* CreatedTimeView.swift */; };
		D270E87D24C01C9100BBD3FE /* ToolsView.swift in Sources */ = {isa = PBXBuildFile; fileRef = D270E87C24C01C9100BBD3FE /* ToolsView.swift */; };
		D27DCEBA24B96D5F00520BE3 /* AppDelegate.swift in Sources */ = {isa = PBXBuildFile; fileRef = D27DCEB924B96D5F00520BE3 /* AppDelegate.swift */; };
		D27DCEBC24B96D5F00520BE3 /* SceneDelegate.swift in Sources */ = {isa = PBXBuildFile; fileRef = D27DCEBB24B96D5F00520BE3 /* SceneDelegate.swift */; };
		D27DCEBE24B96D5F00520BE3 /* TimelineView.swift in Sources */ = {isa = PBXBuildFile; fileRef = D27DCEBD24B96D5F00520BE3 /* TimelineView.swift */; };
		D27DCEC024B96D6100520BE3 /* Assets.xcassets in Resources */ = {isa = PBXBuildFile; fileRef = D27DCEBF24B96D6100520BE3 /* Assets.xcassets */; };
		D27DCEC324B96D6100520BE3 /* Preview Assets.xcassets in Resources */ = {isa = PBXBuildFile; fileRef = D27DCEC224B96D6100520BE3 /* Preview Assets.xcassets */; };
		D27DCEC624B96D6100520BE3 /* LaunchScreen.storyboard in Resources */ = {isa = PBXBuildFile; fileRef = D27DCEC424B96D6100520BE3 /* LaunchScreen.storyboard */; };
		D27DCF3B24B98F9900520BE3 /* Model.swift in Sources */ = {isa = PBXBuildFile; fileRef = D27DCF3A24B98F9900520BE3 /* Model.swift */; };
		D27DCF8624B990FE00520BE3 /* SwifteriOS.framework in Frameworks */ = {isa = PBXBuildFile; fileRef = D27DCF7C24B990F300520BE3 /* SwifteriOS.framework */; };
		D27DCF8724B990FE00520BE3 /* SwifteriOS.framework in Embed Frameworks */ = {isa = PBXBuildFile; fileRef = D27DCF7C24B990F300520BE3 /* SwifteriOS.framework */; settings = {ATTRIBUTES = (CodeSignOnCopy, RemoveHeadersOnCopy, ); }; };
		D27DCF8C24B9A56100520BE3 /* TweetRow.swift in Sources */ = {isa = PBXBuildFile; fileRef = D27DCF8B24B9A56100520BE3 /* TweetRow.swift */; };
		D286FFD024BC29BF005DBC39 /* Composer.swift in Sources */ = {isa = PBXBuildFile; fileRef = D286FFCF24BC29BF005DBC39 /* Composer.swift */; };
		D286FFD724BC31F0005DBC39 /* UserInfo.swift in Sources */ = {isa = PBXBuildFile; fileRef = D286FFD624BC31F0005DBC39 /* UserInfo.swift */; };
		D286FFE824BD7EC3005DBC39 /* MentionRow.swift in Sources */ = {isa = PBXBuildFile; fileRef = D286FFE724BD7EC3005DBC39 /* MentionRow.swift */; };
		D290E6E624CD1ED100662FAF /* KeyBoard Notification.swift in Sources */ = {isa = PBXBuildFile; fileRef = D290E6E524CD1ED100662FAF /* KeyBoard Notification.swift */; };
		D2946F2724CD6C8100F8A7C6 /* TweetTextView.swift in Sources */ = {isa = PBXBuildFile; fileRef = D2946F2624CD6C8100F8A7C6 /* TweetTextView.swift */; };
		D2946F2E24CD802C00F8A7C6 /* ReplyUsersView.swift in Sources */ = {isa = PBXBuildFile; fileRef = D2946F2D24CD802C00F8A7C6 /* ReplyUsersView.swift */; };
		D297390024D1182600917A97 /* PhotoPickerView.swift in Sources */ = {isa = PBXBuildFile; fileRef = D29738FF24D1182600917A97 /* PhotoPickerView.swift */; };
		D297390224D11A0800917A97 /* ComposerMoreView.swift in Sources */ = {isa = PBXBuildFile; fileRef = D297390124D11A0800917A97 /* ComposerMoreView.swift */; };
		D2C45BAC24C6D31B007D67B6 /* ContentView.swift in Sources */ = {isa = PBXBuildFile; fileRef = D2C45BAB24C6D31B007D67B6 /* ContentView.swift */; };
		D707B6ED24C4040F0023F243 /* KeyboardHide.swift in Sources */ = {isa = PBXBuildFile; fileRef = D707B6EC24C4040F0023F243 /* KeyboardHide.swift */; };
		D707B6EF24C44CE20023F243 /* DetailIndicator.swift in Sources */ = {isa = PBXBuildFile; fileRef = D707B6EE24C44CE10023F243 /* DetailIndicator.swift */; };
		D7AC535D24B9E94300BCD71F /* Timeline.swift in Sources */ = {isa = PBXBuildFile; fileRef = D7AC535C24B9E94300BCD71F /* Timeline.swift */; };
		D7AC536524BAA5A100BCD71F /* TweetsList.swift in Sources */ = {isa = PBXBuildFile; fileRef = D7AC536424BAA5A100BCD71F /* TweetsList.swift */; };
		D7AC536C24BAD91A00BCD71F /* Images.swift in Sources */ = {isa = PBXBuildFile; fileRef = D7AC536B24BAD91A00BCD71F /* Images.swift */; };
		D7AC536E24BB477300BCD71F /* DetailView.swift in Sources */ = {isa = PBXBuildFile; fileRef = D7AC536D24BB477300BCD71F /* DetailView.swift */; };
		D7AC537024BB4AB200BCD71F /* ImageViewer.swift in Sources */ = {isa = PBXBuildFile; fileRef = D7AC536F24BB4AB200BCD71F /* ImageViewer.swift */; };
/* End PBXBuildFile section */

/* Begin PBXContainerItemProxy section */
		D27DCF7B24B990F300520BE3 /* PBXContainerItemProxy */ = {
			isa = PBXContainerItemProxy;
			containerPortal = D27DCF7324B990F300520BE3 /* Swifter.xcodeproj */;
			proxyType = 2;
			remoteGlobalIDString = 8B9F50EE1944A5AB00894629;
			remoteInfo = SwifteriOS;
		};
		D27DCF7D24B990F300520BE3 /* PBXContainerItemProxy */ = {
			isa = PBXContainerItemProxy;
			containerPortal = D27DCF7324B990F300520BE3 /* Swifter.xcodeproj */;
			proxyType = 2;
			remoteGlobalIDString = 8B9F51131944A61D00894629;
			remoteInfo = SwifterMac;
		};
		D27DCF7F24B990F300520BE3 /* PBXContainerItemProxy */ = {
			isa = PBXContainerItemProxy;
			containerPortal = D27DCF7324B990F300520BE3 /* Swifter.xcodeproj */;
			proxyType = 2;
			remoteGlobalIDString = 8B300C1F1944AA1A00993175;
			remoteInfo = SwifterDemoiOS;
		};
		D27DCF8124B990F300520BE3 /* PBXContainerItemProxy */ = {
			isa = PBXContainerItemProxy;
			containerPortal = D27DCF7324B990F300520BE3 /* Swifter.xcodeproj */;
			proxyType = 2;
			remoteGlobalIDString = 8B300C471944AECB00993175;
			remoteInfo = SwifterDemoMac;
		};
		D27DCF8324B990F300520BE3 /* PBXContainerItemProxy */ = {
			isa = PBXContainerItemProxy;
			containerPortal = D27DCF7324B990F300520BE3 /* Swifter.xcodeproj */;
			proxyType = 2;
			remoteGlobalIDString = F6B4D5751C7BAC4500E06514;
			remoteInfo = SwifterTests;
		};
/* End PBXContainerItemProxy section */

/* Begin PBXCopyFilesBuildPhase section */
		D27DCF8824B990FE00520BE3 /* Embed Frameworks */ = {
			isa = PBXCopyFilesBuildPhase;
			buildActionMask = 2147483647;
			dstPath = "";
			dstSubfolderSpec = 10;
			files = (
				D27DCF8724B990FE00520BE3 /* SwifteriOS.framework in Embed Frameworks */,
			);
			name = "Embed Frameworks";
			runOnlyForDeploymentPostprocessing = 0;
		};
/* End PBXCopyFilesBuildPhase section */

/* Begin PBXFileReference section */
		D205246B24C18AC30046F1AB /* AlertView.swift */ = {isa = PBXFileReference; lastKnownFileType = sourcecode.swift; path = AlertView.swift; sourceTree = "<group>"; };
		D205247324C199500046F1AB /* AlertsModel.swift */ = {isa = PBXFileReference; lastKnownFileType = sourcecode.swift; path = AlertsModel.swift; sourceTree = "<group>"; };
		D205247524C290F10046F1AB /* PullRefresh.swift */ = {isa = PBXFileReference; lastKnownFileType = sourcecode.swift; path = PullRefresh.swift; sourceTree = "<group>"; };
		D2224F8924BE7C0400AE2110 /* User.swift */ = {isa = PBXFileReference; lastKnownFileType = sourcecode.swift; path = User.swift; sourceTree = "<group>"; };
		D2224F9024BE7FE400AE2110 /* Swifter+Observable.swift */ = {isa = PBXFileReference; lastKnownFileType = sourcecode.swift; path = "Swifter+Observable.swift"; sourceTree = "<group>"; };
		D2224FD224BE901E00AE2110 /* AuthView.swift */ = {isa = PBXFileReference; lastKnownFileType = sourcecode.swift; path = AuthView.swift; sourceTree = "<group>"; };
		D270E87524BFCDBA00BBD3FE /* CreatedTimeView.swift */ = {isa = PBXFileReference; lastKnownFileType = sourcecode.swift; path = CreatedTimeView.swift; sourceTree = "<group>"; };
		D270E87C24C01C9100BBD3FE /* ToolsView.swift */ = {isa = PBXFileReference; lastKnownFileType = sourcecode.swift; path = ToolsView.swift; sourceTree = "<group>"; };
		D27DCEB624B96D5F00520BE3 /* FetchMee.app */ = {isa = PBXFileReference; explicitFileType = wrapper.application; includeInIndex = 0; path = FetchMee.app; sourceTree = BUILT_PRODUCTS_DIR; };
		D27DCEB924B96D5F00520BE3 /* AppDelegate.swift */ = {isa = PBXFileReference; lastKnownFileType = sourcecode.swift; path = AppDelegate.swift; sourceTree = "<group>"; };
		D27DCEBB24B96D5F00520BE3 /* SceneDelegate.swift */ = {isa = PBXFileReference; lastKnownFileType = sourcecode.swift; path = SceneDelegate.swift; sourceTree = "<group>"; };
		D27DCEBD24B96D5F00520BE3 /* TimelineView.swift */ = {isa = PBXFileReference; lastKnownFileType = sourcecode.swift; path = TimelineView.swift; sourceTree = "<group>"; };
		D27DCEBF24B96D6100520BE3 /* Assets.xcassets */ = {isa = PBXFileReference; lastKnownFileType = folder.assetcatalog; path = Assets.xcassets; sourceTree = "<group>"; };
		D27DCEC224B96D6100520BE3 /* Preview Assets.xcassets */ = {isa = PBXFileReference; lastKnownFileType = folder.assetcatalog; path = "Preview Assets.xcassets"; sourceTree = "<group>"; };
		D27DCEC524B96D6100520BE3 /* Base */ = {isa = PBXFileReference; lastKnownFileType = file.storyboard; name = Base; path = Base.lproj/LaunchScreen.storyboard; sourceTree = "<group>"; };
		D27DCEC724B96D6100520BE3 /* Info.plist */ = {isa = PBXFileReference; lastKnownFileType = text.plist.xml; path = Info.plist; sourceTree = "<group>"; };
		D27DCF3A24B98F9900520BE3 /* Model.swift */ = {isa = PBXFileReference; fileEncoding = 4; lastKnownFileType = sourcecode.swift; path = Model.swift; sourceTree = "<group>"; };
		D27DCF7324B990F300520BE3 /* Swifter.xcodeproj */ = {isa = PBXFileReference; lastKnownFileType = "wrapper.pb-project"; name = Swifter.xcodeproj; path = ../Swifter/Swifter.xcodeproj; sourceTree = "<group>"; };
		D27DCF8B24B9A56100520BE3 /* TweetRow.swift */ = {isa = PBXFileReference; lastKnownFileType = sourcecode.swift; path = TweetRow.swift; sourceTree = "<group>"; };
		D286FFCF24BC29BF005DBC39 /* Composer.swift */ = {isa = PBXFileReference; lastKnownFileType = sourcecode.swift; path = Composer.swift; sourceTree = "<group>"; };
		D286FFD624BC31F0005DBC39 /* UserInfo.swift */ = {isa = PBXFileReference; lastKnownFileType = sourcecode.swift; path = UserInfo.swift; sourceTree = "<group>"; };
		D286FFE724BD7EC3005DBC39 /* MentionRow.swift */ = {isa = PBXFileReference; lastKnownFileType = sourcecode.swift; path = MentionRow.swift; sourceTree = "<group>"; };
		D290E6E524CD1ED100662FAF /* KeyBoard Notification.swift */ = {isa = PBXFileReference; lastKnownFileType = sourcecode.swift; path = "KeyBoard Notification.swift"; sourceTree = "<group>"; };
		D2946F2624CD6C8100F8A7C6 /* TweetTextView.swift */ = {isa = PBXFileReference; lastKnownFileType = sourcecode.swift; path = TweetTextView.swift; sourceTree = "<group>"; };
		D2946F2D24CD802C00F8A7C6 /* ReplyUsersView.swift */ = {isa = PBXFileReference; lastKnownFileType = sourcecode.swift; path = ReplyUsersView.swift; sourceTree = "<group>"; };
		D29738FF24D1182600917A97 /* PhotoPickerView.swift */ = {isa = PBXFileReference; lastKnownFileType = sourcecode.swift; path = PhotoPickerView.swift; sourceTree = "<group>"; };
		D297390124D11A0800917A97 /* ComposerMoreView.swift */ = {isa = PBXFileReference; lastKnownFileType = sourcecode.swift; path = ComposerMoreView.swift; sourceTree = "<group>"; };
		D2C45BAB24C6D31B007D67B6 /* ContentView.swift */ = {isa = PBXFileReference; lastKnownFileType = sourcecode.swift; path = ContentView.swift; sourceTree = "<group>"; };
		D707B6EC24C4040F0023F243 /* KeyboardHide.swift */ = {isa = PBXFileReference; lastKnownFileType = sourcecode.swift; path = KeyboardHide.swift; sourceTree = "<group>"; };
		D707B6EE24C44CE10023F243 /* DetailIndicator.swift */ = {isa = PBXFileReference; lastKnownFileType = sourcecode.swift; path = DetailIndicator.swift; sourceTree = "<group>"; };
		D7AC535C24B9E94300BCD71F /* Timeline.swift */ = {isa = PBXFileReference; lastKnownFileType = sourcecode.swift; path = Timeline.swift; sourceTree = "<group>"; };
		D7AC536424BAA5A100BCD71F /* TweetsList.swift */ = {isa = PBXFileReference; lastKnownFileType = sourcecode.swift; path = TweetsList.swift; sourceTree = "<group>"; };
		D7AC536B24BAD91A00BCD71F /* Images.swift */ = {isa = PBXFileReference; lastKnownFileType = sourcecode.swift; path = Images.swift; sourceTree = "<group>"; };
		D7AC536D24BB477300BCD71F /* DetailView.swift */ = {isa = PBXFileReference; lastKnownFileType = sourcecode.swift; path = DetailView.swift; sourceTree = "<group>"; };
		D7AC536F24BB4AB200BCD71F /* ImageViewer.swift */ = {isa = PBXFileReference; lastKnownFileType = sourcecode.swift; path = ImageViewer.swift; sourceTree = "<group>"; };
/* End PBXFileReference section */

/* Begin PBXFrameworksBuildPhase section */
		D27DCEB324B96D5F00520BE3 /* Frameworks */ = {
			isa = PBXFrameworksBuildPhase;
			buildActionMask = 2147483647;
			files = (
				D27DCF8624B990FE00520BE3 /* SwifteriOS.framework in Frameworks */,
			);
			runOnlyForDeploymentPostprocessing = 0;
		};
/* End PBXFrameworksBuildPhase section */

/* Begin PBXGroup section */
		D27DCEAD24B96D5F00520BE3 = {
			isa = PBXGroup;
			children = (
				D27DCF7324B990F300520BE3 /* Swifter.xcodeproj */,
				D27DCEB824B96D5F00520BE3 /* FetchMeeBySwiftUI */,
				D27DCEB724B96D5F00520BE3 /* Products */,
				D27DCF8524B990FE00520BE3 /* Frameworks */,
			);
			sourceTree = "<group>";
		};
		D27DCEB724B96D5F00520BE3 /* Products */ = {
			isa = PBXGroup;
			children = (
				D27DCEB624B96D5F00520BE3 /* FetchMee.app */,
			);
			name = Products;
			sourceTree = "<group>";
		};
		D27DCEB824B96D5F00520BE3 /* FetchMeeBySwiftUI */ = {
			isa = PBXGroup;
			children = (
				D27DCEB924B96D5F00520BE3 /* AppDelegate.swift */,
				D27DCEBB24B96D5F00520BE3 /* SceneDelegate.swift */,
				D27DCEBD24B96D5F00520BE3 /* TimelineView.swift */,
				D2C45BAB24C6D31B007D67B6 /* ContentView.swift */,
				D2224FD224BE901E00AE2110 /* AuthView.swift */,
				D27DCF8A24B9A54500520BE3 /* Views */,
				D27DCF3C24B98FA600520BE3 /* Model */,
				D27DCEBF24B96D6100520BE3 /* Assets.xcassets */,
				D27DCEC424B96D6100520BE3 /* LaunchScreen.storyboard */,
				D27DCEC724B96D6100520BE3 /* Info.plist */,
				D27DCEC124B96D6100520BE3 /* Preview Content */,
			);
			path = FetchMeeBySwiftUI;
			sourceTree = "<group>";
		};
		D27DCEC124B96D6100520BE3 /* Preview Content */ = {
			isa = PBXGroup;
			children = (
				D27DCEC224B96D6100520BE3 /* Preview Assets.xcassets */,
			);
			path = "Preview Content";
			sourceTree = "<group>";
		};
		D27DCF3C24B98FA600520BE3 /* Model */ = {
			isa = PBXGroup;
			children = (
				D27DCF3A24B98F9900520BE3 /* Model.swift */,
				D7AC535C24B9E94300BCD71F /* Timeline.swift */,
				D2224F8924BE7C0400AE2110 /* User.swift */,
				D2224F9024BE7FE400AE2110 /* Swifter+Observable.swift */,
				D205247324C199500046F1AB /* AlertsModel.swift */,
				D205247524C290F10046F1AB /* PullRefresh.swift */,
				D707B6EC24C4040F0023F243 /* KeyboardHide.swift */,
				D290E6E524CD1ED100662FAF /* KeyBoard Notification.swift */,
			);
			path = Model;
			sourceTree = "<group>";
		};
		D27DCF7424B990F300520BE3 /* Products */ = {
			isa = PBXGroup;
			children = (
				D27DCF7C24B990F300520BE3 /* SwifteriOS.framework */,
				D27DCF7E24B990F300520BE3 /* SwifterMac.framework */,
				D27DCF8024B990F300520BE3 /* SwifterDemoiOS.app */,
				D27DCF8224B990F300520BE3 /* SwifterDemoMac.app */,
				D27DCF8424B990F300520BE3 /* SwifterTests.xctest */,
			);
			name = Products;
			sourceTree = "<group>";
		};
		D27DCF8524B990FE00520BE3 /* Frameworks */ = {
			isa = PBXGroup;
			children = (
			);
			name = Frameworks;
			sourceTree = "<group>";
		};
		D27DCF8A24B9A54500520BE3 /* Views */ = {
			isa = PBXGroup;
			children = (
				D7AC536424BAA5A100BCD71F /* TweetsList.swift */,
				D286FFE724BD7EC3005DBC39 /* MentionRow.swift */,
				D7AC536D24BB477300BCD71F /* DetailView.swift */,
				D27DCF8B24B9A56100520BE3 /* TweetRow.swift */,
				D7AC536B24BAD91A00BCD71F /* Images.swift */,
				D7AC536F24BB4AB200BCD71F /* ImageViewer.swift */,
				D286FFCF24BC29BF005DBC39 /* Composer.swift */,
				D297390124D11A0800917A97 /* ComposerMoreView.swift */,
				D286FFD624BC31F0005DBC39 /* UserInfo.swift */,
				D270E87524BFCDBA00BBD3FE /* CreatedTimeView.swift */,
				D270E87C24C01C9100BBD3FE /* ToolsView.swift */,
				D205246B24C18AC30046F1AB /* AlertView.swift */,
				D707B6EE24C44CE10023F243 /* DetailIndicator.swift */,
				D2946F2624CD6C8100F8A7C6 /* TweetTextView.swift */,
				D2946F2D24CD802C00F8A7C6 /* ReplyUsersView.swift */,
				D29738FF24D1182600917A97 /* PhotoPickerView.swift */,
			);
			path = Views;
			sourceTree = "<group>";
		};
/* End PBXGroup section */

/* Begin PBXNativeTarget section */
		D27DCEB524B96D5F00520BE3 /* FetchMee */ = {
			isa = PBXNativeTarget;
			buildConfigurationList = D27DCECA24B96D6100520BE3 /* Build configuration list for PBXNativeTarget "FetchMee" */;
			buildPhases = (
				D27DCEB224B96D5F00520BE3 /* Sources */,
				D27DCEB324B96D5F00520BE3 /* Frameworks */,
				D27DCEB424B96D5F00520BE3 /* Resources */,
				D27DCF8824B990FE00520BE3 /* Embed Frameworks */,
			);
			buildRules = (
			);
			dependencies = (
			);
			name = FetchMee;
			productName = FetchMeeBySwiftUI;
			productReference = D27DCEB624B96D5F00520BE3 /* FetchMee.app */;
			productType = "com.apple.product-type.application";
		};
/* End PBXNativeTarget section */

/* Begin PBXProject section */
		D27DCEAE24B96D5F00520BE3 /* Project object */ = {
			isa = PBXProject;
			attributes = {
				LastSwiftUpdateCheck = 1150;
				LastUpgradeCheck = 1200;
				ORGANIZATIONNAME = jyrnan;
				TargetAttributes = {
					D27DCEB524B96D5F00520BE3 = {
						CreatedOnToolsVersion = 11.5;
					};
				};
			};
			buildConfigurationList = D27DCEB124B96D5F00520BE3 /* Build configuration list for PBXProject "FetchMeeBySwiftUI" */;
			compatibilityVersion = "Xcode 9.3";
			developmentRegion = en;
			hasScannedForEncodings = 0;
			knownRegions = (
				en,
				Base,
			);
			mainGroup = D27DCEAD24B96D5F00520BE3;
			productRefGroup = D27DCEB724B96D5F00520BE3 /* Products */;
			projectDirPath = "";
			projectReferences = (
				{
					ProductGroup = D27DCF7424B990F300520BE3 /* Products */;
					ProjectRef = D27DCF7324B990F300520BE3 /* Swifter.xcodeproj */;
				},
			);
			projectRoot = "";
			targets = (
				D27DCEB524B96D5F00520BE3 /* FetchMee */,
			);
		};
/* End PBXProject section */

/* Begin PBXReferenceProxy section */
		D27DCF7C24B990F300520BE3 /* SwifteriOS.framework */ = {
			isa = PBXReferenceProxy;
			fileType = wrapper.framework;
			path = SwifteriOS.framework;
			remoteRef = D27DCF7B24B990F300520BE3 /* PBXContainerItemProxy */;
			sourceTree = BUILT_PRODUCTS_DIR;
		};
		D27DCF7E24B990F300520BE3 /* SwifterMac.framework */ = {
			isa = PBXReferenceProxy;
			fileType = wrapper.framework;
			path = SwifterMac.framework;
			remoteRef = D27DCF7D24B990F300520BE3 /* PBXContainerItemProxy */;
			sourceTree = BUILT_PRODUCTS_DIR;
		};
		D27DCF8024B990F300520BE3 /* SwifterDemoiOS.app */ = {
			isa = PBXReferenceProxy;
			fileType = wrapper.application;
			path = SwifterDemoiOS.app;
			remoteRef = D27DCF7F24B990F300520BE3 /* PBXContainerItemProxy */;
			sourceTree = BUILT_PRODUCTS_DIR;
		};
		D27DCF8224B990F300520BE3 /* SwifterDemoMac.app */ = {
			isa = PBXReferenceProxy;
			fileType = wrapper.application;
			path = SwifterDemoMac.app;
			remoteRef = D27DCF8124B990F300520BE3 /* PBXContainerItemProxy */;
			sourceTree = BUILT_PRODUCTS_DIR;
		};
		D27DCF8424B990F300520BE3 /* SwifterTests.xctest */ = {
			isa = PBXReferenceProxy;
			fileType = wrapper.cfbundle;
			path = SwifterTests.xctest;
			remoteRef = D27DCF8324B990F300520BE3 /* PBXContainerItemProxy */;
			sourceTree = BUILT_PRODUCTS_DIR;
		};
/* End PBXReferenceProxy section */

/* Begin PBXResourcesBuildPhase section */
		D27DCEB424B96D5F00520BE3 /* Resources */ = {
			isa = PBXResourcesBuildPhase;
			buildActionMask = 2147483647;
			files = (
				D27DCEC624B96D6100520BE3 /* LaunchScreen.storyboard in Resources */,
				D27DCEC324B96D6100520BE3 /* Preview Assets.xcassets in Resources */,
				D27DCEC024B96D6100520BE3 /* Assets.xcassets in Resources */,
			);
			runOnlyForDeploymentPostprocessing = 0;
		};
/* End PBXResourcesBuildPhase section */

/* Begin PBXSourcesBuildPhase section */
		D27DCEB224B96D5F00520BE3 /* Sources */ = {
			isa = PBXSourcesBuildPhase;
			buildActionMask = 2147483647;
			files = (
				D290E6E624CD1ED100662FAF /* KeyBoard Notification.swift in Sources */,
				D7AC535D24B9E94300BCD71F /* Timeline.swift in Sources */,
				D297390224D11A0800917A97 /* ComposerMoreView.swift in Sources */,
				D205246C24C18AC30046F1AB /* AlertView.swift in Sources */,
				D2C45BAC24C6D31B007D67B6 /* ContentView.swift in Sources */,
				D2946F2E24CD802C00F8A7C6 /* ReplyUsersView.swift in Sources */,
				D270E87624BFCDBA00BBD3FE /* CreatedTimeView.swift in Sources */,
				D7AC536E24BB477300BCD71F /* DetailView.swift in Sources */,
				D7AC536524BAA5A100BCD71F /* TweetsList.swift in Sources */,
				D205247624C290F10046F1AB /* PullRefresh.swift in Sources */,
				D2224F9124BE7FE400AE2110 /* Swifter+Observable.swift in Sources */,
				D286FFE824BD7EC3005DBC39 /* MentionRow.swift in Sources */,
				D286FFD024BC29BF005DBC39 /* Composer.swift in Sources */,
				D205247424C199500046F1AB /* AlertsModel.swift in Sources */,
				D2224FD324BE901E00AE2110 /* AuthView.swift in Sources */,
				D286FFD724BC31F0005DBC39 /* UserInfo.swift in Sources */,
				D2224F8A24BE7C0400AE2110 /* User.swift in Sources */,
				D7AC537024BB4AB200BCD71F /* ImageViewer.swift in Sources */,
				D707B6EF24C44CE20023F243 /* DetailIndicator.swift in Sources */,
				D27DCEBA24B96D5F00520BE3 /* AppDelegate.swift in Sources */,
				D297390024D1182600917A97 /* PhotoPickerView.swift in Sources */,
				D270E87D24C01C9100BBD3FE /* ToolsView.swift in Sources */,
				D2946F2724CD6C8100F8A7C6 /* TweetTextView.swift in Sources */,
				D27DCEBC24B96D5F00520BE3 /* SceneDelegate.swift in Sources */,
				D27DCF8C24B9A56100520BE3 /* TweetRow.swift in Sources */,
				D7AC536C24BAD91A00BCD71F /* Images.swift in Sources */,
				D27DCEBE24B96D5F00520BE3 /* TimelineView.swift in Sources */,
				D707B6ED24C4040F0023F243 /* KeyboardHide.swift in Sources */,
				D27DCF3B24B98F9900520BE3 /* Model.swift in Sources */,
			);
			runOnlyForDeploymentPostprocessing = 0;
		};
/* End PBXSourcesBuildPhase section */

/* Begin PBXVariantGroup section */
		D27DCEC424B96D6100520BE3 /* LaunchScreen.storyboard */ = {
			isa = PBXVariantGroup;
			children = (
				D27DCEC524B96D6100520BE3 /* Base */,
			);
			name = LaunchScreen.storyboard;
			sourceTree = "<group>";
		};
/* End PBXVariantGroup section */

/* Begin XCBuildConfiguration section */
		D27DCEC824B96D6100520BE3 /* Debug */ = {
			isa = XCBuildConfiguration;
			buildSettings = {
				ALWAYS_SEARCH_USER_PATHS = NO;
				CLANG_ANALYZER_NONNULL = YES;
				CLANG_ANALYZER_NUMBER_OBJECT_CONVERSION = YES_AGGRESSIVE;
				CLANG_CXX_LANGUAGE_STANDARD = "gnu++14";
				CLANG_CXX_LIBRARY = "libc++";
				CLANG_ENABLE_MODULES = YES;
				CLANG_ENABLE_OBJC_ARC = YES;
				CLANG_ENABLE_OBJC_WEAK = YES;
				CLANG_WARN_BLOCK_CAPTURE_AUTORELEASING = YES;
				CLANG_WARN_BOOL_CONVERSION = YES;
				CLANG_WARN_COMMA = YES;
				CLANG_WARN_CONSTANT_CONVERSION = YES;
				CLANG_WARN_DEPRECATED_OBJC_IMPLEMENTATIONS = YES;
				CLANG_WARN_DIRECT_OBJC_ISA_USAGE = YES_ERROR;
				CLANG_WARN_DOCUMENTATION_COMMENTS = YES;
				CLANG_WARN_EMPTY_BODY = YES;
				CLANG_WARN_ENUM_CONVERSION = YES;
				CLANG_WARN_INFINITE_RECURSION = YES;
				CLANG_WARN_INT_CONVERSION = YES;
				CLANG_WARN_NON_LITERAL_NULL_CONVERSION = YES;
				CLANG_WARN_OBJC_IMPLICIT_RETAIN_SELF = YES;
				CLANG_WARN_OBJC_LITERAL_CONVERSION = YES;
				CLANG_WARN_OBJC_ROOT_CLASS = YES_ERROR;
				CLANG_WARN_QUOTED_INCLUDE_IN_FRAMEWORK_HEADER = YES;
				CLANG_WARN_RANGE_LOOP_ANALYSIS = YES;
				CLANG_WARN_STRICT_PROTOTYPES = YES;
				CLANG_WARN_SUSPICIOUS_MOVE = YES;
				CLANG_WARN_UNGUARDED_AVAILABILITY = YES_AGGRESSIVE;
				CLANG_WARN_UNREACHABLE_CODE = YES;
				CLANG_WARN__DUPLICATE_METHOD_MATCH = YES;
				COPY_PHASE_STRIP = NO;
				DEBUG_INFORMATION_FORMAT = dwarf;
				ENABLE_STRICT_OBJC_MSGSEND = YES;
				ENABLE_TESTABILITY = YES;
				GCC_C_LANGUAGE_STANDARD = gnu11;
				GCC_DYNAMIC_NO_PIC = NO;
				GCC_NO_COMMON_BLOCKS = YES;
				GCC_OPTIMIZATION_LEVEL = 0;
				GCC_PREPROCESSOR_DEFINITIONS = (
					"DEBUG=1",
					"$(inherited)",
				);
				GCC_WARN_64_TO_32_BIT_CONVERSION = YES;
				GCC_WARN_ABOUT_RETURN_TYPE = YES_ERROR;
				GCC_WARN_UNDECLARED_SELECTOR = YES;
				GCC_WARN_UNINITIALIZED_AUTOS = YES_AGGRESSIVE;
				GCC_WARN_UNUSED_FUNCTION = YES;
				GCC_WARN_UNUSED_VARIABLE = YES;
				IPHONEOS_DEPLOYMENT_TARGET = 13.5;
				MTL_ENABLE_DEBUG_INFO = INCLUDE_SOURCE;
				MTL_FAST_MATH = YES;
				ONLY_ACTIVE_ARCH = YES;
				SDKROOT = iphoneos;
				SWIFT_ACTIVE_COMPILATION_CONDITIONS = DEBUG;
				SWIFT_OPTIMIZATION_LEVEL = "-Onone";
			};
			name = Debug;
		};
		D27DCEC924B96D6100520BE3 /* Release */ = {
			isa = XCBuildConfiguration;
			buildSettings = {
				ALWAYS_SEARCH_USER_PATHS = NO;
				CLANG_ANALYZER_NONNULL = YES;
				CLANG_ANALYZER_NUMBER_OBJECT_CONVERSION = YES_AGGRESSIVE;
				CLANG_CXX_LANGUAGE_STANDARD = "gnu++14";
				CLANG_CXX_LIBRARY = "libc++";
				CLANG_ENABLE_MODULES = YES;
				CLANG_ENABLE_OBJC_ARC = YES;
				CLANG_ENABLE_OBJC_WEAK = YES;
				CLANG_WARN_BLOCK_CAPTURE_AUTORELEASING = YES;
				CLANG_WARN_BOOL_CONVERSION = YES;
				CLANG_WARN_COMMA = YES;
				CLANG_WARN_CONSTANT_CONVERSION = YES;
				CLANG_WARN_DEPRECATED_OBJC_IMPLEMENTATIONS = YES;
				CLANG_WARN_DIRECT_OBJC_ISA_USAGE = YES_ERROR;
				CLANG_WARN_DOCUMENTATION_COMMENTS = YES;
				CLANG_WARN_EMPTY_BODY = YES;
				CLANG_WARN_ENUM_CONVERSION = YES;
				CLANG_WARN_INFINITE_RECURSION = YES;
				CLANG_WARN_INT_CONVERSION = YES;
				CLANG_WARN_NON_LITERAL_NULL_CONVERSION = YES;
				CLANG_WARN_OBJC_IMPLICIT_RETAIN_SELF = YES;
				CLANG_WARN_OBJC_LITERAL_CONVERSION = YES;
				CLANG_WARN_OBJC_ROOT_CLASS = YES_ERROR;
				CLANG_WARN_QUOTED_INCLUDE_IN_FRAMEWORK_HEADER = YES;
				CLANG_WARN_RANGE_LOOP_ANALYSIS = YES;
				CLANG_WARN_STRICT_PROTOTYPES = YES;
				CLANG_WARN_SUSPICIOUS_MOVE = YES;
				CLANG_WARN_UNGUARDED_AVAILABILITY = YES_AGGRESSIVE;
				CLANG_WARN_UNREACHABLE_CODE = YES;
				CLANG_WARN__DUPLICATE_METHOD_MATCH = YES;
				COPY_PHASE_STRIP = NO;
				DEBUG_INFORMATION_FORMAT = "dwarf-with-dsym";
				ENABLE_NS_ASSERTIONS = NO;
				ENABLE_STRICT_OBJC_MSGSEND = YES;
				GCC_C_LANGUAGE_STANDARD = gnu11;
				GCC_NO_COMMON_BLOCKS = YES;
				GCC_WARN_64_TO_32_BIT_CONVERSION = YES;
				GCC_WARN_ABOUT_RETURN_TYPE = YES_ERROR;
				GCC_WARN_UNDECLARED_SELECTOR = YES;
				GCC_WARN_UNINITIALIZED_AUTOS = YES_AGGRESSIVE;
				GCC_WARN_UNUSED_FUNCTION = YES;
				GCC_WARN_UNUSED_VARIABLE = YES;
				IPHONEOS_DEPLOYMENT_TARGET = 13.5;
				MTL_ENABLE_DEBUG_INFO = NO;
				MTL_FAST_MATH = YES;
				SDKROOT = iphoneos;
				SWIFT_COMPILATION_MODE = wholemodule;
				SWIFT_OPTIMIZATION_LEVEL = "-O";
				VALIDATE_PRODUCT = YES;
			};
			name = Release;
		};
		D27DCECB24B96D6100520BE3 /* Debug */ = {
			isa = XCBuildConfiguration;
			buildSettings = {
				ASSETCATALOG_COMPILER_APPICON_NAME = AppIcon;
				CODE_SIGN_IDENTITY = "Apple Development";
				CODE_SIGN_STYLE = Automatic;
				CURRENT_PROJECT_VERSION = 6;
				DEVELOPMENT_ASSET_PATHS = "\"FetchMeeBySwiftUI/Preview Content\"";
				DEVELOPMENT_TEAM = FAL6NRZRQP;
				ENABLE_PREVIEWS = YES;
				INFOPLIST_FILE = FetchMeeBySwiftUI/Info.plist;
				LD_RUNPATH_SEARCH_PATHS = (
					"$(inherited)",
					"@executable_path/Frameworks",
				);
				MARKETING_VERSION = 1.0;
				PRODUCT_BUNDLE_IDENTIFIER = com.jyrnan.FetchMee;
				PRODUCT_NAME = "$(TARGET_NAME)";
				PROVISIONING_PROFILE_SPECIFIER = "";
				SWIFT_VERSION = 5.0;
				TARGETED_DEVICE_FAMILY = 1;
			};
			name = Debug;
		};
		D27DCECC24B96D6100520BE3 /* Release */ = {
			isa = XCBuildConfiguration;
			buildSettings = {
				ASSETCATALOG_COMPILER_APPICON_NAME = AppIcon;
				CODE_SIGN_IDENTITY = "Apple Development";
				CODE_SIGN_STYLE = Automatic;
				CURRENT_PROJECT_VERSION = 6;
				DEVELOPMENT_ASSET_PATHS = "\"FetchMeeBySwiftUI/Preview Content\"";
				DEVELOPMENT_TEAM = FAL6NRZRQP;
				ENABLE_PREVIEWS = YES;
				INFOPLIST_FILE = FetchMeeBySwiftUI/Info.plist;
				LD_RUNPATH_SEARCH_PATHS = (
					"$(inherited)",
					"@executable_path/Frameworks",
				);
				MARKETING_VERSION = 1.0;
				PRODUCT_BUNDLE_IDENTIFIER = com.jyrnan.FetchMee;
				PRODUCT_NAME = "$(TARGET_NAME)";
				PROVISIONING_PROFILE_SPECIFIER = "";
				SWIFT_VERSION = 5.0;
				TARGETED_DEVICE_FAMILY = 1;
			};
			name = Release;
		};
/* End XCBuildConfiguration section */

/* Begin XCConfigurationList section */
		D27DCEB124B96D5F00520BE3 /* Build configuration list for PBXProject "FetchMeeBySwiftUI" */ = {
			isa = XCConfigurationList;
			buildConfigurations = (
				D27DCEC824B96D6100520BE3 /* Debug */,
				D27DCEC924B96D6100520BE3 /* Release */,
			);
			defaultConfigurationIsVisible = 0;
			defaultConfigurationName = Release;
		};
		D27DCECA24B96D6100520BE3 /* Build configuration list for PBXNativeTarget "FetchMee" */ = {
			isa = XCConfigurationList;
			buildConfigurations = (
				D27DCECB24B96D6100520BE3 /* Debug */,
				D27DCECC24B96D6100520BE3 /* Release */,
			);
			defaultConfigurationIsVisible = 0;
			defaultConfigurationName = Release;
		};
/* End XCConfigurationList section */
	};
	rootObject = D27DCEAE24B96D5F00520BE3 /* Project object */;
}
